// !$*UTF8*$!
{
	archiveVersion = 1;
	classes = {
	};
	objectVersion = 48;
	objects = {

/* Begin PBXBuildFile section */
		0FE982DBB7126C7560A3FE1B /* Main.storyboard in Resources */ = {isa = PBXBuildFile; fileRef = 886869AA91C9C729AA88271F /* Main.storyboard */; };
		162D8C3B1E4A153094F4530A /* Foundation.framework in Frameworks */ = {isa = PBXBuildFile; fileRef = 4293BF4DD68684083470C404 /* Foundation.framework */; };
		4F178A71166E23F14DAD31C9 /* LaunchScreen.xib in Resources */ = {isa = PBXBuildFile; fileRef = 581C1A4891F43E30617A28DB /* LaunchScreen.xib */; };
		CD29B26E1E48076A00EEF6B7 /* BackgroundViewController.swift in Sources */ = {isa = PBXBuildFile; fileRef = CD29B26D1E48076A00EEF6B7 /* BackgroundViewController.swift */; };
		CD2A02941E46EB080037C8E5 /* ResizableViewController.swift in Sources */ = {isa = PBXBuildFile; fileRef = CD2A02931E46EB080037C8E5 /* ResizableViewController.swift */; };
		CD7C1EBB1E4753DE006F8512 /* HexButton.swift in Sources */ = {isa = PBXBuildFile; fileRef = CD7C1EBA1E4753DE006F8512 /* HexButton.swift */; };
		CD7C1EBD1E475487006F8512 /* WindowManagerViewController.swift in Sources */ = {isa = PBXBuildFile; fileRef = CD7C1EBC1E475487006F8512 /* WindowManagerViewController.swift */; };
		CDF09D741E3DBC0600D72CB8 /* UIBezierPath.swift in Sources */ = {isa = PBXBuildFile; fileRef = CDF09D731E3DBC0600D72CB8 /* UIBezierPath.swift */; };
		D7BB019ABBBEDEB5B8D51401 /* Images.xcassets in Resources */ = {isa = PBXBuildFile; fileRef = AFE59898617C260F3B4780CF /* Images.xcassets */; };
		D7EA33190E89039932E4C5F6 /* AppDelegate.swift in Sources */ = {isa = PBXBuildFile; fileRef = 47FD0E6214F5E5923C5A5F04 /* AppDelegate.swift */; };
		EF1635D91DADC8CC00D71C66 /* TSOPViewController.swift in Sources */ = {isa = PBXBuildFile; fileRef = EF1635D81DADC8CC00D71C66 /* TSOPViewController.swift */; };
		EF22B9D31DAC2C1B0039F1B1 /* BluetoothSerial.swift in Sources */ = {isa = PBXBuildFile; fileRef = EF22B9D21DAC2C1B0039F1B1 /* BluetoothSerial.swift */; };
		EF3D33D71DB5F1210022275E /* UITextView.swift in Sources */ = {isa = PBXBuildFile; fileRef = EF3D33D61DB5F1210022275E /* UITextView.swift */; };
		EF471E4A1DB6C31900CED76B /* ModelViewController.swift in Sources */ = {isa = PBXBuildFile; fileRef = EF471E491DB6C31900CED76B /* ModelViewController.swift */; };
		EF471E4C1DB6C37900CED76B /* Robot.obj in Resources */ = {isa = PBXBuildFile; fileRef = EF471E4B1DB6C37900CED76B /* Robot.obj */; };
		EF734A571DB8B894000E6D8C /* BluetoothController.swift in Sources */ = {isa = PBXBuildFile; fileRef = EF734A561DB8B894000E6D8C /* BluetoothController.swift */; };
		EF734BB01DAF5C53007D2ADA /* CompassViewController.swift in Sources */ = {isa = PBXBuildFile; fileRef = EF734BAF1DAF5C53007D2ADA /* CompassViewController.swift */; };
		EF9518241DB08CB4009B1F6F /* UIView.swift in Sources */ = {isa = PBXBuildFile; fileRef = EF9518231DB08CB4009B1F6F /* UIView.swift */; };
		EF9518281DB100CD009B1F6F /* LightsensorViewController.swift in Sources */ = {isa = PBXBuildFile; fileRef = EF9518271DB100CD009B1F6F /* LightsensorViewController.swift */; };
		EFAA53591DB6DED700EBFA89 /* Part.swift in Sources */ = {isa = PBXBuildFile; fileRef = EFAA53581DB6DED700EBFA89 /* Part.swift */; };
		EFAA535B1DB6E12F00EBFA89 /* PartParser.swift in Sources */ = {isa = PBXBuildFile; fileRef = EFAA535A1DB6E12F00EBFA89 /* PartParser.swift */; };
		EFAA535D1DB6E36400EBFA89 /* parts.csv in Resources */ = {isa = PBXBuildFile; fileRef = EFAA535C1DB6E36400EBFA89 /* parts.csv */; };
		EFAA535F1DB6E90B00EBFA89 /* PartsListTableViewController.swift in Sources */ = {isa = PBXBuildFile; fileRef = EFAA535E1DB6E90B00EBFA89 /* PartsListTableViewController.swift */; };
		EFAA53611DB6EAC700EBFA89 /* PartDetailViewController.swift in Sources */ = {isa = PBXBuildFile; fileRef = EFAA53601DB6EAC700EBFA89 /* PartDetailViewController.swift */; };
		EFAA53631DB6FB0C00EBFA89 /* WebViewController.swift in Sources */ = {isa = PBXBuildFile; fileRef = EFAA53621DB6FB0C00EBFA89 /* WebViewController.swift */; };
		EFAA53651DB6FCC600EBFA89 /* DesignTableViewController.swift in Sources */ = {isa = PBXBuildFile; fileRef = EFAA53641DB6FCC600EBFA89 /* DesignTableViewController.swift */; };
		EFAA53721DB701AB00EBFA89 /* Fuse.PDF in Resources */ = {isa = PBXBuildFile; fileRef = EFAA53661DB6FF7E00EBFA89 /* Fuse.PDF */; };
		EFAA53731DB701AB00EBFA89 /* LM.pdf in Resources */ = {isa = PBXBuildFile; fileRef = EFAA53671DB6FF7E00EBFA89 /* LM.pdf */; };
		EFAA53741DB701AB00EBFA89 /* MotorCtrl.pdf in Resources */ = {isa = PBXBuildFile; fileRef = EFAA53681DB6FF7E00EBFA89 /* MotorCtrl.pdf */; };
		EFAA53751DB701AB00EBFA89 /* Photo.pdf in Resources */ = {isa = PBXBuildFile; fileRef = EFAA53691DB6FF7E00EBFA89 /* Photo.pdf */; };
		EFAA53761DB701AB00EBFA89 /* Regulator.pdf in Resources */ = {isa = PBXBuildFile; fileRef = EFAA536A1DB6FF7E00EBFA89 /* Regulator.pdf */; };
		EFAA53771DB701AB00EBFA89 /* TSOP.pdf in Resources */ = {isa = PBXBuildFile; fileRef = EFAA536B1DB6FF7E00EBFA89 /* TSOP.pdf */; };
		EFAA53791DB705B000EBFA89 /* Render 1.bmp in Resources */ = {isa = PBXBuildFile; fileRef = EFAA53781DB705B000EBFA89 /* Render 1.bmp */; };
		EFB29C691E3F1D7800906D5A /* Chameleon.framework in Frameworks */ = {isa = PBXBuildFile; fileRef = EFB29C681E3F1D7800906D5A /* Chameleon.framework */; };
		EFB29C6A1E3F1D7800906D5A /* Chameleon.framework in CopyFiles */ = {isa = PBXBuildFile; fileRef = EFB29C681E3F1D7800906D5A /* Chameleon.framework */; settings = {ATTRIBUTES = (CodeSignOnCopy, RemoveHeadersOnCopy, ); }; };
		EFB35C1D1DADCDB20087BBE4 /* SerialViewController.swift in Sources */ = {isa = PBXBuildFile; fileRef = EFB35C1C1DADCDB20087BBE4 /* SerialViewController.swift */; };
		EFDEABB81E57A6110067C370 /* Chameleon.framework in Frameworks */ = {isa = PBXBuildFile; fileRef = EFDEABB31E57A6110067C370 /* Chameleon.framework */; };
		EFDEABB91E57A6110067C370 /* MKKit.framework in Frameworks */ = {isa = PBXBuildFile; fileRef = EFDEABB41E57A6110067C370 /* MKKit.framework */; };
		EFDEABBA1E57A6110067C370 /* MKUIKit.framework in Frameworks */ = {isa = PBXBuildFile; fileRef = EFDEABB51E57A6110067C370 /* MKUIKit.framework */; };
		EFDEABBB1E57A6110067C370 /* MKUtilityKit.framework in Frameworks */ = {isa = PBXBuildFile; fileRef = EFDEABB61E57A6110067C370 /* MKUtilityKit.framework */; };
		EFDEABBC1E57A6110067C370 /* RESTKit.framework in Frameworks */ = {isa = PBXBuildFile; fileRef = EFDEABB71E57A6110067C370 /* RESTKit.framework */; };
		EFDEABBD1E57A6250067C370 /* Chameleon.framework in Frameworks */ = {isa = PBXBuildFile; fileRef = EFDEABB31E57A6110067C370 /* Chameleon.framework */; };
		EFDEABBE1E57A6250067C370 /* Chameleon.framework in CopyFiles */ = {isa = PBXBuildFile; fileRef = EFDEABB31E57A6110067C370 /* Chameleon.framework */; settings = {ATTRIBUTES = (CodeSignOnCopy, RemoveHeadersOnCopy, ); }; };
		EFDEABBF1E57A6250067C370 /* MKKit.framework in Frameworks */ = {isa = PBXBuildFile; fileRef = EFDEABB41E57A6110067C370 /* MKKit.framework */; };
		EFDEABC01E57A6250067C370 /* MKKit.framework in CopyFiles */ = {isa = PBXBuildFile; fileRef = EFDEABB41E57A6110067C370 /* MKKit.framework */; settings = {ATTRIBUTES = (CodeSignOnCopy, RemoveHeadersOnCopy, ); }; };
		EFDEABC11E57A6250067C370 /* MKUIKit.framework in Frameworks */ = {isa = PBXBuildFile; fileRef = EFDEABB51E57A6110067C370 /* MKUIKit.framework */; };
		EFDEABC21E57A6250067C370 /* MKUIKit.framework in CopyFiles */ = {isa = PBXBuildFile; fileRef = EFDEABB51E57A6110067C370 /* MKUIKit.framework */; settings = {ATTRIBUTES = (CodeSignOnCopy, RemoveHeadersOnCopy, ); }; };
		EFDEABC31E57A6250067C370 /* MKUtilityKit.framework in Frameworks */ = {isa = PBXBuildFile; fileRef = EFDEABB61E57A6110067C370 /* MKUtilityKit.framework */; };
		EFDEABC41E57A6250067C370 /* MKUtilityKit.framework in CopyFiles */ = {isa = PBXBuildFile; fileRef = EFDEABB61E57A6110067C370 /* MKUtilityKit.framework */; settings = {ATTRIBUTES = (CodeSignOnCopy, RemoveHeadersOnCopy, ); }; };
		EFDEABC51E57A6250067C370 /* RESTKit.framework in Frameworks */ = {isa = PBXBuildFile; fileRef = EFDEABB71E57A6110067C370 /* RESTKit.framework */; };
		EFDEABC61E57A6250067C370 /* RESTKit.framework in CopyFiles */ = {isa = PBXBuildFile; fileRef = EFDEABB71E57A6110067C370 /* RESTKit.framework */; settings = {ATTRIBUTES = (CodeSignOnCopy, RemoveHeadersOnCopy, ); }; };
		EFE1AF241DC1DCDD00054E4C /* UIViewController.swift in Sources */ = {isa = PBXBuildFile; fileRef = EFE1AF231DC1DCDD00054E4C /* UIViewController.swift */; };
		EFEDAA391E469A4E005BEE4E /* WMWindow.swift in Sources */ = {isa = PBXBuildFile; fileRef = EFEDAA381E469A4E005BEE4E /* WMWindow.swift */; };
		EFEDAA3B1E46A372005BEE4E /* UIDevice+Simulator.swift in Sources */ = {isa = PBXBuildFile; fileRef = EFEDAA3A1E46A372005BEE4E /* UIDevice+Simulator.swift */; };
		EFEDAA3D1E46A438005BEE4E /* WindowManagerTableViewController.swift in Sources */ = {isa = PBXBuildFile; fileRef = EFEDAA3C1E46A438005BEE4E /* WindowManagerTableViewController.swift */; };
/* End PBXBuildFile section */

/* Begin PBXCopyFilesBuildPhase section */
		EFB29C641E3F1D5400906D5A /* CopyFiles */ = {
			isa = PBXCopyFilesBuildPhase;
			buildActionMask = 2147483647;
			dstPath = "";
			dstSubfolderSpec = 10;
			files = (
				EFB29C6A1E3F1D7800906D5A /* Chameleon.framework in CopyFiles */,
				EFDEABC41E57A6250067C370 /* MKUtilityKit.framework in CopyFiles */,
				EFDEABC01E57A6250067C370 /* MKKit.framework in CopyFiles */,
				EFDEABBE1E57A6250067C370 /* Chameleon.framework in CopyFiles */,
				EFDEABC21E57A6250067C370 /* MKUIKit.framework in CopyFiles */,
				EFDEABC61E57A6250067C370 /* RESTKit.framework in CopyFiles */,
			);
			runOnlyForDeploymentPostprocessing = 0;
		};
/* End PBXCopyFilesBuildPhase section */

/* Begin PBXFileReference section */
		22525608FFE2DEB5D519B0F1 /* Info.plist */ = {isa = PBXFileReference; includeInIndex = 1; lastKnownFileType = text.plist.xml; path = Info.plist; sourceTree = "<group>"; };
		4293BF4DD68684083470C404 /* Foundation.framework */ = {isa = PBXFileReference; lastKnownFileType = wrapper.framework; name = Foundation.framework; path = Platforms/iPhoneOS.platform/Developer/SDKs/iPhoneOS9.3.sdk/System/Library/Frameworks/Foundation.framework; sourceTree = DEVELOPER_DIR; };
		47FD0E6214F5E5923C5A5F04 /* AppDelegate.swift */ = {isa = PBXFileReference; includeInIndex = 1; lastKnownFileType = sourcecode.swift; path = AppDelegate.swift; sourceTree = "<group>"; };
		581C1A4891F43E30617A28DB /* LaunchScreen.xib */ = {isa = PBXFileReference; includeInIndex = 1; lastKnownFileType = file.xib; path = LaunchScreen.xib; sourceTree = "<group>"; };
		886869AA91C9C729AA88271F /* Main.storyboard */ = {isa = PBXFileReference; includeInIndex = 1; lastKnownFileType = file.storyboard; path = Main.storyboard; sourceTree = "<group>"; };
		AFE59898617C260F3B4780CF /* Images.xcassets */ = {isa = PBXFileReference; includeInIndex = 1; lastKnownFileType = folder.assetcatalog; path = Images.xcassets; sourceTree = "<group>"; };
		C8E706015D603F83004748A1 /* LJ STAND.app */ = {isa = PBXFileReference; explicitFileType = wrapper.application; includeInIndex = 0; path = "LJ STAND.app"; sourceTree = BUILT_PRODUCTS_DIR; };
		CD29B26D1E48076A00EEF6B7 /* BackgroundViewController.swift */ = {isa = PBXFileReference; fileEncoding = 4; lastKnownFileType = sourcecode.swift; name = BackgroundViewController.swift; path = LJSTAND/Views/BackgroundViewController.swift; sourceTree = SOURCE_ROOT; };
		CD2A02931E46EB080037C8E5 /* ResizableViewController.swift */ = {isa = PBXFileReference; fileEncoding = 4; lastKnownFileType = sourcecode.swift; path = ResizableViewController.swift; sourceTree = "<group>"; };
		CD7C1EBA1E4753DE006F8512 /* HexButton.swift */ = {isa = PBXFileReference; fileEncoding = 4; lastKnownFileType = sourcecode.swift; name = HexButton.swift; path = LJSTAND/Views/HexButton.swift; sourceTree = SOURCE_ROOT; };
		CD7C1EBC1E475487006F8512 /* WindowManagerViewController.swift */ = {isa = PBXFileReference; fileEncoding = 4; lastKnownFileType = sourcecode.swift; path = WindowManagerViewController.swift; sourceTree = "<group>"; };
		CDF09D731E3DBC0600D72CB8 /* UIBezierPath.swift */ = {isa = PBXFileReference; fileEncoding = 4; lastKnownFileType = sourcecode.swift; path = UIBezierPath.swift; sourceTree = "<group>"; };
		EF1635D81DADC8CC00D71C66 /* TSOPViewController.swift */ = {isa = PBXFileReference; fileEncoding = 4; lastKnownFileType = sourcecode.swift; path = TSOPViewController.swift; sourceTree = "<group>"; };
		EF1B7C2C1DAD01D300B3442E /* LJSTAND.entitlements */ = {isa = PBXFileReference; lastKnownFileType = text.plist.entitlements; path = LJSTAND.entitlements; sourceTree = "<group>"; };
		EF22B9D21DAC2C1B0039F1B1 /* BluetoothSerial.swift */ = {isa = PBXFileReference; fileEncoding = 4; lastKnownFileType = sourcecode.swift; path = BluetoothSerial.swift; sourceTree = "<group>"; };
		EF3D33D61DB5F1210022275E /* UITextView.swift */ = {isa = PBXFileReference; fileEncoding = 4; lastKnownFileType = sourcecode.swift; path = UITextView.swift; sourceTree = "<group>"; };
		EF471E491DB6C31900CED76B /* ModelViewController.swift */ = {isa = PBXFileReference; fileEncoding = 4; lastKnownFileType = sourcecode.swift; path = ModelViewController.swift; sourceTree = "<group>"; };
		EF471E4B1DB6C37900CED76B /* Robot.obj */ = {isa = PBXFileReference; fileEncoding = 4; lastKnownFileType = text; path = Robot.obj; sourceTree = "<group>"; };
		EF734A561DB8B894000E6D8C /* BluetoothController.swift */ = {isa = PBXFileReference; fileEncoding = 4; lastKnownFileType = sourcecode.swift; path = BluetoothController.swift; sourceTree = "<group>"; };
		EF734BAF1DAF5C53007D2ADA /* CompassViewController.swift */ = {isa = PBXFileReference; fileEncoding = 4; lastKnownFileType = sourcecode.swift; path = CompassViewController.swift; sourceTree = "<group>"; };
		EF9518231DB08CB4009B1F6F /* UIView.swift */ = {isa = PBXFileReference; fileEncoding = 4; lastKnownFileType = sourcecode.swift; path = UIView.swift; sourceTree = "<group>"; };
		EF9518271DB100CD009B1F6F /* LightsensorViewController.swift */ = {isa = PBXFileReference; fileEncoding = 4; lastKnownFileType = sourcecode.swift; path = LightsensorViewController.swift; sourceTree = "<group>"; };
		EFAA53581DB6DED700EBFA89 /* Part.swift */ = {isa = PBXFileReference; fileEncoding = 4; lastKnownFileType = sourcecode.swift; path = Part.swift; sourceTree = "<group>"; };
		EFAA535A1DB6E12F00EBFA89 /* PartParser.swift */ = {isa = PBXFileReference; fileEncoding = 4; lastKnownFileType = sourcecode.swift; path = PartParser.swift; sourceTree = "<group>"; };
		EFAA535C1DB6E36400EBFA89 /* parts.csv */ = {isa = PBXFileReference; fileEncoding = 4; lastKnownFileType = text; path = parts.csv; sourceTree = "<group>"; };
		EFAA535E1DB6E90B00EBFA89 /* PartsListTableViewController.swift */ = {isa = PBXFileReference; fileEncoding = 4; lastKnownFileType = sourcecode.swift; path = PartsListTableViewController.swift; sourceTree = "<group>"; };
		EFAA53601DB6EAC700EBFA89 /* PartDetailViewController.swift */ = {isa = PBXFileReference; fileEncoding = 4; lastKnownFileType = sourcecode.swift; path = PartDetailViewController.swift; sourceTree = "<group>"; };
		EFAA53621DB6FB0C00EBFA89 /* WebViewController.swift */ = {isa = PBXFileReference; fileEncoding = 4; lastKnownFileType = sourcecode.swift; path = WebViewController.swift; sourceTree = "<group>"; };
		EFAA53641DB6FCC600EBFA89 /* DesignTableViewController.swift */ = {isa = PBXFileReference; fileEncoding = 4; lastKnownFileType = sourcecode.swift; path = DesignTableViewController.swift; sourceTree = "<group>"; };
		EFAA53661DB6FF7E00EBFA89 /* Fuse.PDF */ = {isa = PBXFileReference; lastKnownFileType = image.pdf; path = Fuse.PDF; sourceTree = "<group>"; };
		EFAA53671DB6FF7E00EBFA89 /* LM.pdf */ = {isa = PBXFileReference; lastKnownFileType = image.pdf; path = LM.pdf; sourceTree = "<group>"; };
		EFAA53681DB6FF7E00EBFA89 /* MotorCtrl.pdf */ = {isa = PBXFileReference; lastKnownFileType = image.pdf; path = MotorCtrl.pdf; sourceTree = "<group>"; };
		EFAA53691DB6FF7E00EBFA89 /* Photo.pdf */ = {isa = PBXFileReference; lastKnownFileType = image.pdf; path = Photo.pdf; sourceTree = "<group>"; };
		EFAA536A1DB6FF7E00EBFA89 /* Regulator.pdf */ = {isa = PBXFileReference; lastKnownFileType = image.pdf; path = Regulator.pdf; sourceTree = "<group>"; };
		EFAA536B1DB6FF7E00EBFA89 /* TSOP.pdf */ = {isa = PBXFileReference; lastKnownFileType = image.pdf; path = TSOP.pdf; sourceTree = "<group>"; };
		EFAA53781DB705B000EBFA89 /* Render 1.bmp */ = {isa = PBXFileReference; lastKnownFileType = image.bmp; path = "Render 1.bmp"; sourceTree = "<group>"; };
		EFB29C681E3F1D7800906D5A /* Chameleon.framework */ = {isa = PBXFileReference; explicitFileType = wrapper.framework; path = Chameleon.framework; sourceTree = BUILT_PRODUCTS_DIR; };
		EFB35C1C1DADCDB20087BBE4 /* SerialViewController.swift */ = {isa = PBXFileReference; fileEncoding = 4; lastKnownFileType = sourcecode.swift; path = SerialViewController.swift; sourceTree = "<group>"; };
		EFDEABB31E57A6110067C370 /* Chameleon.framework */ = {isa = PBXFileReference; lastKnownFileType = wrapper.framework; name = Chameleon.framework; path = Carthage/Build/iOS/Chameleon.framework; sourceTree = "<group>"; };
		EFDEABB41E57A6110067C370 /* MKKit.framework */ = {isa = PBXFileReference; lastKnownFileType = wrapper.framework; name = MKKit.framework; path = Carthage/Build/iOS/MKKit.framework; sourceTree = "<group>"; };
		EFDEABB51E57A6110067C370 /* MKUIKit.framework */ = {isa = PBXFileReference; lastKnownFileType = wrapper.framework; name = MKUIKit.framework; path = Carthage/Build/iOS/MKUIKit.framework; sourceTree = "<group>"; };
		EFDEABB61E57A6110067C370 /* MKUtilityKit.framework */ = {isa = PBXFileReference; lastKnownFileType = wrapper.framework; name = MKUtilityKit.framework; path = Carthage/Build/iOS/MKUtilityKit.framework; sourceTree = "<group>"; };
		EFDEABB71E57A6110067C370 /* RESTKit.framework */ = {isa = PBXFileReference; lastKnownFileType = wrapper.framework; name = RESTKit.framework; path = Carthage/Build/iOS/RESTKit.framework; sourceTree = "<group>"; };
		EFE1AF231DC1DCDD00054E4C /* UIViewController.swift */ = {isa = PBXFileReference; fileEncoding = 4; lastKnownFileType = sourcecode.swift; path = UIViewController.swift; sourceTree = "<group>"; };
		EFEDAA381E469A4E005BEE4E /* WMWindow.swift */ = {isa = PBXFileReference; fileEncoding = 4; lastKnownFileType = sourcecode.swift; path = WMWindow.swift; sourceTree = "<group>"; };
		EFEDAA3A1E46A372005BEE4E /* UIDevice+Simulator.swift */ = {isa = PBXFileReference; fileEncoding = 4; lastKnownFileType = sourcecode.swift; path = "UIDevice+Simulator.swift"; sourceTree = "<group>"; };
		EFEDAA3C1E46A438005BEE4E /* WindowManagerTableViewController.swift */ = {isa = PBXFileReference; fileEncoding = 4; lastKnownFileType = sourcecode.swift; path = WindowManagerTableViewController.swift; sourceTree = "<group>"; };
/* End PBXFileReference section */

/* Begin PBXFrameworksBuildPhase section */
		5848C3664EFEE9C0725AEAFA /* Frameworks */ = {
			isa = PBXFrameworksBuildPhase;
			buildActionMask = 2147483647;
			files = (
				EFDEABB81E57A6110067C370 /* Chameleon.framework in Frameworks */,
				EFDEABC11E57A6250067C370 /* MKUIKit.framework in Frameworks */,
				EFDEABB91E57A6110067C370 /* MKKit.framework in Frameworks */,
				162D8C3B1E4A153094F4530A /* Foundation.framework in Frameworks */,
				EFDEABBD1E57A6250067C370 /* Chameleon.framework in Frameworks */,
				EFDEABBF1E57A6250067C370 /* MKKit.framework in Frameworks */,
				EFDEABBB1E57A6110067C370 /* MKUtilityKit.framework in Frameworks */,
				EFDEABC31E57A6250067C370 /* MKUtilityKit.framework in Frameworks */,
				EFDEABBA1E57A6110067C370 /* MKUIKit.framework in Frameworks */,
				EFDEABBC1E57A6110067C370 /* RESTKit.framework in Frameworks */,
				EFB29C691E3F1D7800906D5A /* Chameleon.framework in Frameworks */,
				EFDEABC51E57A6250067C370 /* RESTKit.framework in Frameworks */,
			);
			runOnlyForDeploymentPostprocessing = 0;
		};
/* End PBXFrameworksBuildPhase section */

/* Begin PBXGroup section */
		1071F4B8BC77949A586EFAB9 /* Resources */ = {
			isa = PBXGroup;
			children = (
				AFE59898617C260F3B4780CF /* Images.xcassets */,
				8A26421F0F283F89FE67E912 /* Storyboards */,
				46AA05DF757B75F62DB4D893 /* Nibs */,
				502C7F60ADB0031044FDB59F /* Other-Sources */,
			);
			path = Resources;
			sourceTree = "<group>";
		};
		46AA05DF757B75F62DB4D893 /* Nibs */ = {
			isa = PBXGroup;
			children = (
				581C1A4891F43E30617A28DB /* LaunchScreen.xib */,
			);
			path = Nibs;
			sourceTree = "<group>";
		};
		4A3FAAA8F24E251A68153041 = {
			isa = PBXGroup;
			children = (
				EF1B7C2C1DAD01D300B3442E /* LJSTAND.entitlements */,
				AB3793622466EE2A02CBADDD /* LJSTAND */,
				534AB7A34A3D72BAFA984F6B /* Frameworks */,
				AC5953FE6C17FE0FB64BBF47 /* Products */,
			);
			indentWidth = 4;
			sourceTree = "<group>";
			tabWidth = 4;
			usesTabs = 0;
		};
		502C7F60ADB0031044FDB59F /* Other-Sources */ = {
			isa = PBXGroup;
			children = (
				EFAA53781DB705B000EBFA89 /* Render 1.bmp */,
				EFAA53661DB6FF7E00EBFA89 /* Fuse.PDF */,
				EFAA53671DB6FF7E00EBFA89 /* LM.pdf */,
				EFAA53681DB6FF7E00EBFA89 /* MotorCtrl.pdf */,
				EFAA53691DB6FF7E00EBFA89 /* Photo.pdf */,
				EFAA536A1DB6FF7E00EBFA89 /* Regulator.pdf */,
				EFAA536B1DB6FF7E00EBFA89 /* TSOP.pdf */,
				EF471E4B1DB6C37900CED76B /* Robot.obj */,
				EFAA535C1DB6E36400EBFA89 /* parts.csv */,
				22525608FFE2DEB5D519B0F1 /* Info.plist */,
			);
			path = "Other-Sources";
			sourceTree = "<group>";
		};
		534AB7A34A3D72BAFA984F6B /* Frameworks */ = {
			isa = PBXGroup;
			children = (
				EFDEABB31E57A6110067C370 /* Chameleon.framework */,
				EFDEABB41E57A6110067C370 /* MKKit.framework */,
				EFDEABB51E57A6110067C370 /* MKUIKit.framework */,
				EFDEABB61E57A6110067C370 /* MKUtilityKit.framework */,
				EFDEABB71E57A6110067C370 /* RESTKit.framework */,
				D83A68AAD9837795A414B570 /* iOS */,
			);
			name = Frameworks;
			sourceTree = "<group>";
		};
		606A48101B60C80E93E24FB2 /* Controllers */ = {
			isa = PBXGroup;
			children = (
				47FD0E6214F5E5923C5A5F04 /* AppDelegate.swift */,
				EFAA535A1DB6E12F00EBFA89 /* PartParser.swift */,
				EF734A561DB8B894000E6D8C /* BluetoothController.swift */,
			);
			path = Controllers;
			sourceTree = "<group>";
		};
		75D7C917E0C54D37E9FEED01 /* Extensions */ = {
			isa = PBXGroup;
			children = (
				EF9518231DB08CB4009B1F6F /* UIView.swift */,
				EF3D33D61DB5F1210022275E /* UITextView.swift */,
				EFE1AF231DC1DCDD00054E4C /* UIViewController.swift */,
				CDF09D731E3DBC0600D72CB8 /* UIBezierPath.swift */,
				EFEDAA3A1E46A372005BEE4E /* UIDevice+Simulator.swift */,
			);
			path = Extensions;
			sourceTree = "<group>";
		};
		8A26421F0F283F89FE67E912 /* Storyboards */ = {
			isa = PBXGroup;
			children = (
				886869AA91C9C729AA88271F /* Main.storyboard */,
			);
			path = Storyboards;
			sourceTree = "<group>";
		};
		924BCA1E22B5177CDCE5286D /* Models */ = {
			isa = PBXGroup;
			children = (
				EFAA53581DB6DED700EBFA89 /* Part.swift */,
			);
			path = Models;
			sourceTree = "<group>";
		};
		936507FA3BB785D3F5247E64 /* ViewModels */ = {
			isa = PBXGroup;
			children = (
				EFEDAA381E469A4E005BEE4E /* WMWindow.swift */,
			);
			path = ViewModels;
			sourceTree = "<group>";
		};
		977C38B4FBB19B1FBC4ACC8D /* Views */ = {
			isa = PBXGroup;
			children = (
				CD29B26D1E48076A00EEF6B7 /* BackgroundViewController.swift */,
				CD7C1EBA1E4753DE006F8512 /* HexButton.swift */,
				EFEDAA3C1E46A438005BEE4E /* WindowManagerTableViewController.swift */,
				CD7C1EBC1E475487006F8512 /* WindowManagerViewController.swift */,
				EFB35C1C1DADCDB20087BBE4 /* SerialViewController.swift */,
				EF1635D81DADC8CC00D71C66 /* TSOPViewController.swift */,
				EF734BAF1DAF5C53007D2ADA /* CompassViewController.swift */,
				EF9518271DB100CD009B1F6F /* LightsensorViewController.swift */,
				EFAA53641DB6FCC600EBFA89 /* DesignTableViewController.swift */,
				EF471E491DB6C31900CED76B /* ModelViewController.swift */,
				EFAA535E1DB6E90B00EBFA89 /* PartsListTableViewController.swift */,
				EFAA53601DB6EAC700EBFA89 /* PartDetailViewController.swift */,
				EFAA53621DB6FB0C00EBFA89 /* WebViewController.swift */,
			);
			path = Views;
			sourceTree = "<group>";
		};
		AB3793622466EE2A02CBADDD /* LJSTAND */ = {
			isa = PBXGroup;
			children = (
				75D7C917E0C54D37E9FEED01 /* Extensions */,
				C8BB61B6AAC040A7B0BF5B9C /* Protocols */,
				924BCA1E22B5177CDCE5286D /* Models */,
				936507FA3BB785D3F5247E64 /* ViewModels */,
				606A48101B60C80E93E24FB2 /* Controllers */,
				977C38B4FBB19B1FBC4ACC8D /* Views */,
				1071F4B8BC77949A586EFAB9 /* Resources */,
			);
			path = LJSTAND;
			sourceTree = "<group>";
		};
		AC5953FE6C17FE0FB64BBF47 /* Products */ = {
			isa = PBXGroup;
			children = (
				C8E706015D603F83004748A1 /* LJ STAND.app */,
			);
			name = Products;
			sourceTree = "<group>";
		};
		C8BB61B6AAC040A7B0BF5B9C /* Protocols */ = {
			isa = PBXGroup;
			children = (
				EF22B9D21DAC2C1B0039F1B1 /* BluetoothSerial.swift */,
				CD2A02931E46EB080037C8E5 /* ResizableViewController.swift */,
			);
			path = Protocols;
			sourceTree = "<group>";
		};
		D83A68AAD9837795A414B570 /* iOS */ = {
			isa = PBXGroup;
			children = (
				EFB29C681E3F1D7800906D5A /* Chameleon.framework */,
				4293BF4DD68684083470C404 /* Foundation.framework */,
			);
			name = iOS;
			sourceTree = "<group>";
		};
/* End PBXGroup section */

/* Begin PBXNativeTarget section */
		D020986916FA04E7BBD68098 /* LJ STAND */ = {
			isa = PBXNativeTarget;
			buildConfigurationList = F88B4143B1ADB9B8237C6425 /* Build configuration list for PBXNativeTarget "LJ STAND" */;
			buildPhases = (
				EFEDAA3E1E46D172005BEE4E /* Environment Vars */,
				876DD3D9D9926CE2EBE64DDB /* Sources */,
				35EDF3B6A1B1848E58424BF3 /* Warn for TODO and FIXME comments */,
				5848C3664EFEE9C0725AEAFA /* Frameworks */,
				EFB29C6B1E3F1E1D00906D5A /* Tag Icons */,
				E103AE9143FC4D78FD557160 /* Resources */,
				9A0DC08F846703B65F22E608 /* Set version number */,
				EFB29C641E3F1D5400906D5A /* CopyFiles */,
				EFB29C6C1E3F1E4500906D5A /* Restore Icons */,
			);
			buildRules = (
			);
			dependencies = (
			);
			name = "LJ STAND";
			productName = Layers;
			productReference = C8E706015D603F83004748A1 /* LJ STAND.app */;
			productType = "com.apple.product-type.application";
		};
/* End PBXNativeTarget section */

/* Begin PBXProject section */
		9182D5ACF04E754040DED730 /* Project object */ = {
			isa = PBXProject;
			attributes = {
				CLASSPREFIX = "";
				LastSwiftUpdateCheck = 0730;
				LastUpgradeCheck = 0810;
				ORGANIZATIONNAME = "Lachlan Grant";
				TargetAttributes = {
					D020986916FA04E7BBD68098 = {
						LastSwiftMigration = 0810;
						ProvisioningStyle = Automatic;
						SystemCapabilities = {
							com.apple.BackgroundModes = {
								enabled = 0;
							};
							com.apple.WAC = {
								enabled = 0;
							};
						};
					};
				};
			};
			buildConfigurationList = 4B642AFBC9C0D7805E207890 /* Build configuration list for PBXProject "LJ STAND" */;
			compatibilityVersion = "Xcode 8.0";
			developmentRegion = English;
			hasScannedForEncodings = 0;
			knownRegions = (
				en,
			);
			mainGroup = 4A3FAAA8F24E251A68153041;
			productRefGroup = AC5953FE6C17FE0FB64BBF47 /* Products */;
			projectDirPath = "";
			projectRoot = "";
			targets = (
				D020986916FA04E7BBD68098 /* LJ STAND */,
			);
		};
/* End PBXProject section */

/* Begin PBXResourcesBuildPhase section */
		E103AE9143FC4D78FD557160 /* Resources */ = {
			isa = PBXResourcesBuildPhase;
			buildActionMask = 2147483647;
			files = (
				EFAA53761DB701AB00EBFA89 /* Regulator.pdf in Resources */,
				EF471E4C1DB6C37900CED76B /* Robot.obj in Resources */,
				D7BB019ABBBEDEB5B8D51401 /* Images.xcassets in Resources */,
				EFAA53731DB701AB00EBFA89 /* LM.pdf in Resources */,
				EFAA53771DB701AB00EBFA89 /* TSOP.pdf in Resources */,
				EFAA53751DB701AB00EBFA89 /* Photo.pdf in Resources */,
				EFAA53741DB701AB00EBFA89 /* MotorCtrl.pdf in Resources */,
				0FE982DBB7126C7560A3FE1B /* Main.storyboard in Resources */,
				EFAA535D1DB6E36400EBFA89 /* parts.csv in Resources */,
				4F178A71166E23F14DAD31C9 /* LaunchScreen.xib in Resources */,
				EFAA53791DB705B000EBFA89 /* Render 1.bmp in Resources */,
				EFAA53721DB701AB00EBFA89 /* Fuse.PDF in Resources */,
			);
			runOnlyForDeploymentPostprocessing = 0;
		};
/* End PBXResourcesBuildPhase section */

/* Begin PBXShellScriptBuildPhase section */
		35EDF3B6A1B1848E58424BF3 /* Warn for TODO and FIXME comments */ = {
			isa = PBXShellScriptBuildPhase;
			buildActionMask = 2147483647;
			files = (
			);
			inputPaths = (
			);
			name = "Warn for TODO and FIXME comments";
			outputPaths = (
			);
			runOnlyForDeploymentPostprocessing = 0;
			shellPath = /bin/sh;
			shellScript = "KEYWORDS=\"TODO:|FIXME:|\\?\\?\\?:|\\!\\!\\!:\"\nFILE_EXTENSIONS=\"swift|h|m|mm|c|cpp\"\nfind -E \"${SRCROOT}\" -ipath \"${SRCROOT}/Carthage\" -prune -o -ipath \"${SRCROOT}/pods\" -prune -o \\( -regex \".*\\.($FILE_EXTENSIONS)$\" \\) -print0 | xargs -0 egrep --with-filename --line-number --only-matching \"($KEYWORDS).*\\$\" | perl -p -e \"s/($KEYWORDS)/ warning: \\$1/\"\n";
		};
		9A0DC08F846703B65F22E608 /* Set version number */ = {
			isa = PBXShellScriptBuildPhase;
			buildActionMask = 2147483647;
			files = (
			);
			inputPaths = (
			);
			name = "Set version number";
			outputPaths = (
			);
			runOnlyForDeploymentPostprocessing = 0;
			shellPath = /bin/sh;
			shellScript = "${SRCROOT}/bin/gitVersion";
		};
		EFB29C6B1E3F1E1D00906D5A /* Tag Icons */ = {
			isa = PBXShellScriptBuildPhase;
			buildActionMask = 2147483647;
			files = (
			);
			inputPaths = (
			);
			name = "Tag Icons";
			outputPaths = (
			);
			runOnlyForDeploymentPostprocessing = 0;
			shellPath = /bin/bash;
			shellScript = "build=$(<build.conf)\nif [ $build = \"DEBUG\" ] ; then\n${SRCROOT}/bin/tag_icons tag ${SRCROOT}/LJSTAND/Resources/Images.xcassets/AppIcon.appiconset\nfi";
		};
		EFB29C6C1E3F1E4500906D5A /* Restore Icons */ = {
			isa = PBXShellScriptBuildPhase;
			buildActionMask = 2147483647;
			files = (
			);
			inputPaths = (
			);
			name = "Restore Icons";
			outputPaths = (
			);
			runOnlyForDeploymentPostprocessing = 0;
			shellPath = /bin/bash;
			shellScript = "build=$(<build.conf)\nif [ $build = \"DEBUG\" ] ; then\n${SRCROOT}/bin/tag_icons cleanup LJSTAND/Resources/Images.xcassets/AppIcon.appiconset\nfi";
		};
		EFEDAA3E1E46D172005BEE4E /* Environment Vars */ = {
			isa = PBXShellScriptBuildPhase;
			buildActionMask = 2147483647;
			files = (
			);
			inputPaths = (
			);
			name = "Environment Vars";
			outputPaths = (
			);
			runOnlyForDeploymentPostprocessing = 0;
			shellPath = /bin/sh;
			shellScript = "";
		};
/* End PBXShellScriptBuildPhase section */

/* Begin PBXSourcesBuildPhase section */
		876DD3D9D9926CE2EBE64DDB /* Sources */ = {
			isa = PBXSourcesBuildPhase;
			buildActionMask = 2147483647;
			files = (
				EFAA53651DB6FCC600EBFA89 /* DesignTableViewController.swift in Sources */,
				D7EA33190E89039932E4C5F6 /* AppDelegate.swift in Sources */,
				EFE1AF241DC1DCDD00054E4C /* UIViewController.swift in Sources */,
				CD2A02941E46EB080037C8E5 /* ResizableViewController.swift in Sources */,
				EF734A571DB8B894000E6D8C /* BluetoothController.swift in Sources */,
				EF3D33D71DB5F1210022275E /* UITextView.swift in Sources */,
				EFEDAA391E469A4E005BEE4E /* WMWindow.swift in Sources */,
				EFB35C1D1DADCDB20087BBE4 /* SerialViewController.swift in Sources */,
				EFEDAA3B1E46A372005BEE4E /* UIDevice+Simulator.swift in Sources */,
				EF734BB01DAF5C53007D2ADA /* CompassViewController.swift in Sources */,
				EFEDAA3D1E46A438005BEE4E /* WindowManagerTableViewController.swift in Sources */,
				EF22B9D31DAC2C1B0039F1B1 /* BluetoothSerial.swift in Sources */,
				CDF09D741E3DBC0600D72CB8 /* UIBezierPath.swift in Sources */,
				EFAA53611DB6EAC700EBFA89 /* PartDetailViewController.swift in Sources */,
				EF9518241DB08CB4009B1F6F /* UIView.swift in Sources */,
				EFAA535F1DB6E90B00EBFA89 /* PartsListTableViewController.swift in Sources */,
				EF471E4A1DB6C31900CED76B /* ModelViewController.swift in Sources */,
				CD29B26E1E48076A00EEF6B7 /* BackgroundViewController.swift in Sources */,
				EF9518281DB100CD009B1F6F /* LightsensorViewController.swift in Sources */,
				CD7C1EBD1E475487006F8512 /* WindowManagerViewController.swift in Sources */,
				EFAA535B1DB6E12F00EBFA89 /* PartParser.swift in Sources */,
				EFAA53631DB6FB0C00EBFA89 /* WebViewController.swift in Sources */,
				EFAA53591DB6DED700EBFA89 /* Part.swift in Sources */,
				EF1635D91DADC8CC00D71C66 /* TSOPViewController.swift in Sources */,
				CD7C1EBB1E4753DE006F8512 /* HexButton.swift in Sources */,
			);
			runOnlyForDeploymentPostprocessing = 0;
		};
/* End PBXSourcesBuildPhase section */

/* Begin XCBuildConfiguration section */
		1328577D1210908FA29C34EC /* Debug */ = {
			isa = XCBuildConfiguration;
			buildSettings = {
				ASSETCATALOG_COMPILER_APPICON_NAME = AppIcon;
				CLANG_ENABLE_MODULES = YES;
				"CODE_SIGN_IDENTITY[sdk=iphoneos*]" = "iPhone Developer";
				DEBUG_INFORMATION_FORMAT = dwarf;
				DEVELOPMENT_TEAM = QSCWPBA77U;
				ENABLE_STRICT_OBJC_MSGSEND = YES;
				FRAMEWORK_SEARCH_PATHS = (
					"$(inherited)",
					"$(PROJECT_DIR)/Carthage/Build/iOS",
					"$(PROJECT_DIR)/MKKit-Dist/iOS",
					"$(PROJECT_DIR)/MKKit-Dist",
					"$(PROJECT_DIR)/MKKit",
				);
				GCC_NO_COMMON_BLOCKS = YES;
				INFOPLIST_FILE = "$(SRCROOT)/LJSTAND/Resources/Other-Sources/Info.plist";
				IPHONEOS_DEPLOYMENT_TARGET = 10.0;
				LD_RUNPATH_SEARCH_PATHS = "$(inherited) @executable_path/Frameworks";
				MTL_ENABLE_DEBUG_INFO = YES;
				PRODUCT_BUNDLE_IDENTIFIER = com.lachlangrant.LJSTAND;
				PRODUCT_NAME = "$(TARGET_NAME)";
				PROVISIONING_PROFILE = "";
				PROVISIONING_PROFILE_SPECIFIER = "";
				SDKROOT = iphoneos;
				SWIFT_INSTALL_OBJC_HEADER = NO;
				SWIFT_OBJC_BRIDGING_HEADER = "";
				SWIFT_OPTIMIZATION_LEVEL = "-Onone";
				SWIFT_VERSION = 3.0;
				TARGETED_DEVICE_FAMILY = "1,2";
			};
			name = Debug;
		};
		50B81CF5791DF42581CEB360 /* Debug */ = {
			isa = XCBuildConfiguration;
			buildSettings = {
				ALWAYS_SEARCH_USER_PATHS = NO;
				ASSETCATALOG_COMPILER_APPICON_NAME = AppIcon;
				CLANG_ANALYZER_NONNULL = YES;
				CLANG_CXX_LANGUAGE_STANDARD = "gnu++0x";
				CLANG_CXX_LIBRARY = "libc++";
				CLANG_ENABLE_MODULES = YES;
				CLANG_ENABLE_OBJC_ARC = YES;
				CLANG_WARN_BOOL_CONVERSION = YES;
				CLANG_WARN_CONSTANT_CONVERSION = YES;
				CLANG_WARN_DEPRECATED_OBJC_IMPLEMENTATIONS = YES;
				CLANG_WARN_DIRECT_OBJC_ISA_USAGE = YES;
				CLANG_WARN_EMPTY_BODY = YES;
				CLANG_WARN_ENUM_CONVERSION = YES;
				CLANG_WARN_IMPLICIT_SIGN_CONVERSION = YES;
				CLANG_WARN_INFINITE_RECURSION = YES;
				CLANG_WARN_INT_CONVERSION = YES;
				CLANG_WARN_OBJC_IMPLICIT_RETAIN_SELF = YES;
				CLANG_WARN_OBJC_ROOT_CLASS = YES;
				CLANG_WARN_SUSPICIOUS_IMPLICIT_CONVERSION = YES;
				CLANG_WARN_SUSPICIOUS_MOVE = YES;
				CLANG_WARN_UNREACHABLE_CODE = YES;
				CLANG_WARN__DUPLICATE_METHOD_MATCH = YES;
				"CODE_SIGN_IDENTITY[sdk=iphoneos*]" = "iPhone Developer";
				COPY_PHASE_STRIP = NO;
				ENABLE_STRICT_OBJC_MSGSEND = YES;
				ENABLE_TESTABILITY = YES;
				GCC_C_LANGUAGE_STANDARD = gnu99;
				GCC_DYNAMIC_NO_PIC = NO;
				GCC_NO_COMMON_BLOCKS = YES;
				GCC_OPTIMIZATION_LEVEL = 0;
				GCC_PREPROCESSOR_DEFINITIONS = (
					"DEBUG=1",
					"$(inherited)",
				);
				GCC_SYMBOLS_PRIVATE_EXTERN = NO;
				GCC_WARN_64_TO_32_BIT_CONVERSION = YES;
				GCC_WARN_ABOUT_DEPRECATED_FUNCTIONS = YES;
				GCC_WARN_ABOUT_MISSING_FIELD_INITIALIZERS = YES;
				GCC_WARN_ABOUT_MISSING_NEWLINE = YES;
				GCC_WARN_ABOUT_RETURN_TYPE = YES;
				GCC_WARN_CHECK_SWITCH_STATEMENTS = YES;
				GCC_WARN_INITIALIZER_NOT_FULLY_BRACKETED = YES;
				GCC_WARN_MISSING_PARENTHESES = YES;
				GCC_WARN_SHADOW = YES;
				GCC_WARN_SIGN_COMPARE = YES;
				GCC_WARN_TYPECHECK_CALLS_TO_PRINTF = YES;
				GCC_WARN_UNDECLARED_SELECTOR = YES;
				GCC_WARN_UNINITIALIZED_AUTOS = YES;
				GCC_WARN_UNUSED_FUNCTION = YES;
				GCC_WARN_UNUSED_LABEL = YES;
				GCC_WARN_UNUSED_VALUE = YES;
				GCC_WARN_UNUSED_VARIABLE = YES;
				IPHONEOS_DEPLOYMENT_TARGET = 10.0;
				ONLY_ACTIVE_ARCH = YES;
				RUN_CLANG_STATIC_ANALYZER = YES;
				SDKROOT = iphoneos;
			};
			name = Debug;
		};
		9522DDF33CAA674761CE192D /* Release */ = {
			isa = XCBuildConfiguration;
			buildSettings = {
				ALWAYS_SEARCH_USER_PATHS = NO;
				ASSETCATALOG_COMPILER_APPICON_NAME = AppIcon;
				CLANG_ANALYZER_NONNULL = YES;
				CLANG_CXX_LANGUAGE_STANDARD = "gnu++0x";
				CLANG_CXX_LIBRARY = "libc++";
				CLANG_ENABLE_MODULES = YES;
				CLANG_ENABLE_OBJC_ARC = YES;
				CLANG_WARN_BOOL_CONVERSION = YES;
				CLANG_WARN_CONSTANT_CONVERSION = YES;
				CLANG_WARN_DEPRECATED_OBJC_IMPLEMENTATIONS = YES;
				CLANG_WARN_DIRECT_OBJC_ISA_USAGE = YES;
				CLANG_WARN_EMPTY_BODY = YES;
				CLANG_WARN_ENUM_CONVERSION = YES;
				CLANG_WARN_IMPLICIT_SIGN_CONVERSION = YES;
				CLANG_WARN_INFINITE_RECURSION = YES;
				CLANG_WARN_INT_CONVERSION = YES;
				CLANG_WARN_OBJC_IMPLICIT_RETAIN_SELF = YES;
				CLANG_WARN_OBJC_ROOT_CLASS = YES;
				CLANG_WARN_SUSPICIOUS_IMPLICIT_CONVERSION = YES;
				CLANG_WARN_SUSPICIOUS_MOVE = YES;
				CLANG_WARN_UNREACHABLE_CODE = YES;
				CLANG_WARN__DUPLICATE_METHOD_MATCH = YES;
				"CODE_SIGN_IDENTITY[sdk=iphoneos*]" = "iPhone Developer";
				COPY_PHASE_STRIP = YES;
				ENABLE_NS_ASSERTIONS = NO;
				ENABLE_STRICT_OBJC_MSGSEND = YES;
				GCC_C_LANGUAGE_STANDARD = gnu99;
				GCC_NO_COMMON_BLOCKS = YES;
				GCC_WARN_64_TO_32_BIT_CONVERSION = YES;
				GCC_WARN_ABOUT_DEPRECATED_FUNCTIONS = YES;
				GCC_WARN_ABOUT_MISSING_FIELD_INITIALIZERS = YES;
				GCC_WARN_ABOUT_MISSING_NEWLINE = YES;
				GCC_WARN_ABOUT_RETURN_TYPE = YES;
				GCC_WARN_CHECK_SWITCH_STATEMENTS = YES;
				GCC_WARN_INITIALIZER_NOT_FULLY_BRACKETED = YES;
				GCC_WARN_MISSING_PARENTHESES = YES;
				GCC_WARN_SHADOW = YES;
				GCC_WARN_SIGN_COMPARE = YES;
				GCC_WARN_TYPECHECK_CALLS_TO_PRINTF = YES;
				GCC_WARN_UNDECLARED_SELECTOR = YES;
				GCC_WARN_UNINITIALIZED_AUTOS = YES;
				GCC_WARN_UNUSED_FUNCTION = YES;
				GCC_WARN_UNUSED_LABEL = YES;
				GCC_WARN_UNUSED_VALUE = YES;
				GCC_WARN_UNUSED_VARIABLE = YES;
				IPHONEOS_DEPLOYMENT_TARGET = 10.0;
				RUN_CLANG_STATIC_ANALYZER = YES;
				SDKROOT = iphoneos;
				SWIFT_OPTIMIZATION_LEVEL = "-Owholemodule";
				VALIDATE_PRODUCT = YES;
			};
			name = Release;
		};
		9F703D29C38C3E92F300FDC2 /* Release */ = {
			isa = XCBuildConfiguration;
			buildSettings = {
				ASSETCATALOG_COMPILER_APPICON_NAME = AppIcon;
				CLANG_ENABLE_MODULES = YES;
				"CODE_SIGN_IDENTITY[sdk=iphoneos*]" = "iPhone Developer";
				DEBUG_INFORMATION_FORMAT = "dwarf-with-dsym";
				DEVELOPMENT_TEAM = QSCWPBA77U;
				ENABLE_STRICT_OBJC_MSGSEND = YES;
				FRAMEWORK_SEARCH_PATHS = (
					"$(inherited)",
					"$(PROJECT_DIR)/Carthage/Build/iOS",
					"$(PROJECT_DIR)/MKKit-Dist/iOS",
					"$(PROJECT_DIR)/MKKit-Dist",
					"$(PROJECT_DIR)/MKKit",
				);
				GCC_NO_COMMON_BLOCKS = YES;
				GCC_TREAT_WARNINGS_AS_ERRORS = YES;
				INFOPLIST_FILE = "$(SRCROOT)/LJSTAND/Resources/Other-Sources/Info.plist";
				IPHONEOS_DEPLOYMENT_TARGET = 10.0;
				LD_RUNPATH_SEARCH_PATHS = "$(inherited) @executable_path/Frameworks";
				MTL_ENABLE_DEBUG_INFO = NO;
				PRODUCT_BUNDLE_IDENTIFIER = com.lachlangrant.LJSTAND;
				PRODUCT_NAME = "$(TARGET_NAME)";
				PROVISIONING_PROFILE = "";
				PROVISIONING_PROFILE_SPECIFIER = "";
				SDKROOT = iphoneos;
				SWIFT_INSTALL_OBJC_HEADER = NO;
				SWIFT_OBJC_BRIDGING_HEADER = "";
				SWIFT_OPTIMIZATION_LEVEL = "-Owholemodule";
				SWIFT_VERSION = 3.0;
				TARGETED_DEVICE_FAMILY = "1,2";
			};
			name = Release;
		};
/* End XCBuildConfiguration section */

/* Begin XCConfigurationList section */
		4B642AFBC9C0D7805E207890 /* Build configuration list for PBXProject "LJ STAND" */ = {
			isa = XCConfigurationList;
			buildConfigurations = (
				50B81CF5791DF42581CEB360 /* Debug */,
				9522DDF33CAA674761CE192D /* Release */,
			);
			defaultConfigurationIsVisible = 0;
			defaultConfigurationName = Release;
		};
		F88B4143B1ADB9B8237C6425 /* Build configuration list for PBXNativeTarget "LJ STAND" */ = {
			isa = XCConfigurationList;
			buildConfigurations = (
				9F703D29C38C3E92F300FDC2 /* Release */,
				1328577D1210908FA29C34EC /* Debug */,
			);
			defaultConfigurationIsVisible = 0;
			defaultConfigurationName = Release;
		};
/* End XCConfigurationList section */
	};
	rootObject = 9182D5ACF04E754040DED730 /* Project object */;
}
