// !$*UTF8*$!
{
	archiveVersion = 1;
	classes = {
	};
	objectVersion = 48;
	objects = {

/* Begin PBXBuildFile section */
		0FE982DBB7126C7560A3FE1B /* Main.storyboard in Resources */ = {isa = PBXBuildFile; fileRef = 886869AA91C9C729AA88271F /* Main.storyboard */; };
		4F178A71166E23F14DAD31C9 /* LaunchScreen.xib in Resources */ = {isa = PBXBuildFile; fileRef = 581C1A4891F43E30617A28DB /* LaunchScreen.xib */; };
		CD29B26E1E48076A00EEF6B7 /* BackgroundViewController.swift in Sources */ = {isa = PBXBuildFile; fileRef = CD29B26D1E48076A00EEF6B7 /* BackgroundViewController.swift */; };
		CD2A02941E46EB080037C8E5 /* ResizableViewController.swift in Sources */ = {isa = PBXBuildFile; fileRef = CD2A02931E46EB080037C8E5 /* ResizableViewController.swift */; };
		CD2B605F1E98DDB800A6B1E1 /* Dosis-Light.ttf in Resources */ = {isa = PBXBuildFile; fileRef = CD2B605E1E98DDB800A6B1E1 /* Dosis-Light.ttf */; };
		CD2B60601E98DDB800A6B1E1 /* Dosis-Light.ttf in Resources */ = {isa = PBXBuildFile; fileRef = CD2B605E1E98DDB800A6B1E1 /* Dosis-Light.ttf */; };
		CD2B60621E98F55D00A6B1E1 /* CenteredTextView.swift in Sources */ = {isa = PBXBuildFile; fileRef = CD2B60611E98F55D00A6B1E1 /* CenteredTextView.swift */; };
		CD2B60651E99015900A6B1E1 /* WindowView.swift in Sources */ = {isa = PBXBuildFile; fileRef = CD2B60641E99015900A6B1E1 /* WindowView.swift */; };
		CD7C1EBB1E4753DE006F8512 /* HexButton.swift in Sources */ = {isa = PBXBuildFile; fileRef = CD7C1EBA1E4753DE006F8512 /* HexButton.swift */; };
		CDF09D741E3DBC0600D72CB8 /* UIBezierPath.swift in Sources */ = {isa = PBXBuildFile; fileRef = CDF09D731E3DBC0600D72CB8 /* UIBezierPath.swift */; };
		D7BB019ABBBEDEB5B8D51401 /* Images.xcassets in Resources */ = {isa = PBXBuildFile; fileRef = AFE59898617C260F3B4780CF /* Images.xcassets */; };
		D7EA33190E89039932E4C5F6 /* AppDelegate.swift in Sources */ = {isa = PBXBuildFile; fileRef = 47FD0E6214F5E5923C5A5F04 /* AppDelegate.swift */; };
		EF156E9F1E8390DD00D825F7 /* SerialViewController.swift in Sources */ = {isa = PBXBuildFile; fileRef = EF156E9E1E8390DD00D825F7 /* SerialViewController.swift */; };
		EF1635D91DADC8CC00D71C66 /* TSOPViewController.swift in Sources */ = {isa = PBXBuildFile; fileRef = EF1635D81DADC8CC00D71C66 /* TSOPViewController.swift */; };
		EF1705CB1E682D910029DD0E /* Stickers.xcassets in Resources */ = {isa = PBXBuildFile; fileRef = EF1705CA1E682D910029DD0E /* Stickers.xcassets */; };
		EF1E98401E61019D00C70420 /* Dock.storyboard in Resources */ = {isa = PBXBuildFile; fileRef = EF1E983F1E61019D00C70420 /* Dock.storyboard */; };
		EF3D33D71DB5F1210022275E /* UITextView.swift in Sources */ = {isa = PBXBuildFile; fileRef = EF3D33D61DB5F1210022275E /* UITextView.swift */; };
		EF608FF91E63AD52005361F9 /* SettingsTableViewController.swift in Sources */ = {isa = PBXBuildFile; fileRef = EF608FF81E63AD52005361F9 /* SettingsTableViewController.swift */; };
		EF734BB01DAF5C53007D2ADA /* CompassViewController.swift in Sources */ = {isa = PBXBuildFile; fileRef = EF734BAF1DAF5C53007D2ADA /* CompassViewController.swift */; };
		EF8233E01E89204C00423F03 /* CoreBluetooth.framework in Frameworks */ = {isa = PBXBuildFile; fileRef = EF8233DF1E89204C00423F03 /* CoreBluetooth.framework */; };
		EF8233E21E8925F800423F03 /* Chameleon.framework in Frameworks */ = {isa = PBXBuildFile; fileRef = EF8710AB1E83DFDA00753FDD /* Chameleon.framework */; };
		EF8233E31E8925F800423F03 /* MKKit.framework in Frameworks */ = {isa = PBXBuildFile; fileRef = EF8710AC1E83DFDA00753FDD /* MKKit.framework */; };
		EF8233E41E8925F800423F03 /* MKUIKit.framework in Frameworks */ = {isa = PBXBuildFile; fileRef = EF8710AD1E83DFDA00753FDD /* MKUIKit.framework */; };
		EF8233E51E8925F800423F03 /* MKUtilityKit.framework in Frameworks */ = {isa = PBXBuildFile; fileRef = EF8710AE1E83DFDA00753FDD /* MKUtilityKit.framework */; };
		EF8233E61E8925F800423F03 /* RESTKit.framework in Frameworks */ = {isa = PBXBuildFile; fileRef = EF8710AF1E83DFDA00753FDD /* RESTKit.framework */; };
		EF8233E81E892A8E00423F03 /* CloudKit.framework in Frameworks */ = {isa = PBXBuildFile; fileRef = EF8233E71E892A8E00423F03 /* CloudKit.framework */; };
		EF8710BE1E83DFF000753FDD /* MKKit.framework in Frameworks */ = {isa = PBXBuildFile; fileRef = EF8710BB1E83DFF000753FDD /* MKKit.framework */; };
		EF8710BF1E83DFF000753FDD /* MKKit.framework in Embed Frameworks */ = {isa = PBXBuildFile; fileRef = EF8710BB1E83DFF000753FDD /* MKKit.framework */; settings = {ATTRIBUTES = (CodeSignOnCopy, RemoveHeadersOnCopy, ); }; };
		EF8710C01E83DFF000753FDD /* MKUtilityKit.framework in Frameworks */ = {isa = PBXBuildFile; fileRef = EF8710BC1E83DFF000753FDD /* MKUtilityKit.framework */; };
		EF8710C11E83DFF000753FDD /* MKUtilityKit.framework in Embed Frameworks */ = {isa = PBXBuildFile; fileRef = EF8710BC1E83DFF000753FDD /* MKUtilityKit.framework */; settings = {ATTRIBUTES = (CodeSignOnCopy, RemoveHeadersOnCopy, ); }; };
		EF8710C21E83DFF000753FDD /* RESTKit.framework in Frameworks */ = {isa = PBXBuildFile; fileRef = EF8710BD1E83DFF000753FDD /* RESTKit.framework */; };
		EF8710C31E83DFF000753FDD /* RESTKit.framework in Embed Frameworks */ = {isa = PBXBuildFile; fileRef = EF8710BD1E83DFF000753FDD /* RESTKit.framework */; settings = {ATTRIBUTES = (CodeSignOnCopy, RemoveHeadersOnCopy, ); }; };
		EF9518241DB08CB4009B1F6F /* UIView.swift in Sources */ = {isa = PBXBuildFile; fileRef = EF9518231DB08CB4009B1F6F /* UIView.swift */; };
		EF9518281DB100CD009B1F6F /* LightsensorViewController.swift in Sources */ = {isa = PBXBuildFile; fileRef = EF9518271DB100CD009B1F6F /* LightsensorViewController.swift */; };
		EFA2DEE21E95DCA100A8FEC9 /* BluetoothDataType.swift in Sources */ = {isa = PBXBuildFile; fileRef = EFA2DEE11E95DCA100A8FEC9 /* BluetoothDataType.swift */; };
		EFA2DEE31E95DCA100A8FEC9 /* BluetoothDataType.swift in Sources */ = {isa = PBXBuildFile; fileRef = EFA2DEE11E95DCA100A8FEC9 /* BluetoothDataType.swift */; };
		EFA2DEE51E95DCB300A8FEC9 /* BluetoothProtocols.swift in Sources */ = {isa = PBXBuildFile; fileRef = EFA2DEE41E95DCB300A8FEC9 /* BluetoothProtocols.swift */; };
		EFA2DEE61E95DCB300A8FEC9 /* BluetoothProtocols.swift in Sources */ = {isa = PBXBuildFile; fileRef = EFA2DEE41E95DCB300A8FEC9 /* BluetoothProtocols.swift */; };
		EFA2DEE81E95DCCD00A8FEC9 /* BluetoothController+Serial.swift in Sources */ = {isa = PBXBuildFile; fileRef = EFA2DEE71E95DCCD00A8FEC9 /* BluetoothController+Serial.swift */; };
		EFA2DEE91E95DCCD00A8FEC9 /* BluetoothController+Serial.swift in Sources */ = {isa = PBXBuildFile; fileRef = EFA2DEE71E95DCCD00A8FEC9 /* BluetoothController+Serial.swift */; };
		EFAFC6861E61068D00DB37E3 /* DockViewController.swift in Sources */ = {isa = PBXBuildFile; fileRef = EFAFC6851E61068D00DB37E3 /* DockViewController.swift */; };
		EFB35C1D1DADCDB20087BBE4 /* SerialViewController.swift in Sources */ = {isa = PBXBuildFile; fileRef = EFB35C1C1DADCDB20087BBE4 /* SerialViewController.swift */; };
		EFC49C8D1E919F5400E0D483 /* AuthorizeBluetoothViewController.swift in Sources */ = {isa = PBXBuildFile; fileRef = EFC49C8C1E919F5400E0D483 /* AuthorizeBluetoothViewController.swift */; };
		EFE1AF241DC1DCDD00054E4C /* UIViewController.swift in Sources */ = {isa = PBXBuildFile; fileRef = EFE1AF231DC1DCDD00054E4C /* UIViewController.swift */; };
		EFE7366B1E95EB3900C8AF16 /* BluetoothController+Sending.swift in Sources */ = {isa = PBXBuildFile; fileRef = EFE7366A1E95EB3900C8AF16 /* BluetoothController+Sending.swift */; };
		EFE7366C1E95EB3C00C8AF16 /* BluetoothController+Sending.swift in Sources */ = {isa = PBXBuildFile; fileRef = EFE7366A1E95EB3900C8AF16 /* BluetoothController+Sending.swift */; };
		EFE7366E1E95EBFD00C8AF16 /* AppSettingsProtocol.swift in Sources */ = {isa = PBXBuildFile; fileRef = EFE7366D1E95EBFD00C8AF16 /* AppSettingsProtocol.swift */; };
		EFE7366F1E95EBFD00C8AF16 /* AppSettingsProtocol.swift in Sources */ = {isa = PBXBuildFile; fileRef = EFE7366D1E95EBFD00C8AF16 /* AppSettingsProtocol.swift */; };
		EFED2C811E7F497300E02440 /* AppDelegate.swift in Sources */ = {isa = PBXBuildFile; fileRef = EFED2C801E7F497300E02440 /* AppDelegate.swift */; };
		EFED2C851E7F497300E02440 /* Assets.xcassets in Resources */ = {isa = PBXBuildFile; fileRef = EFED2C841E7F497300E02440 /* Assets.xcassets */; };
		EFED2C881E7F497300E02440 /* Main.storyboard in Resources */ = {isa = PBXBuildFile; fileRef = EFED2C861E7F497300E02440 /* Main.storyboard */; };
		EFED2C9C1E7F4A1800E02440 /* BluetoothController.swift in Sources */ = {isa = PBXBuildFile; fileRef = EFED2C951E7F4A1800E02440 /* BluetoothController.swift */; };
		EFED2C9D1E7F4A1800E02440 /* BluetoothController.swift in Sources */ = {isa = PBXBuildFile; fileRef = EFED2C951E7F4A1800E02440 /* BluetoothController.swift */; };
		EFED2C9E1E7F4A1800E02440 /* BluetoothSerial.swift in Sources */ = {isa = PBXBuildFile; fileRef = EFED2C961E7F4A1800E02440 /* BluetoothSerial.swift */; };
		EFED2C9F1E7F4A1800E02440 /* BluetoothSerial.swift in Sources */ = {isa = PBXBuildFile; fileRef = EFED2C961E7F4A1800E02440 /* BluetoothSerial.swift */; };
		EFED2CA01E7F4A1800E02440 /* DefaultKeys.swift in Sources */ = {isa = PBXBuildFile; fileRef = EFED2C971E7F4A1800E02440 /* DefaultKeys.swift */; };
		EFED2CA11E7F4A1800E02440 /* DefaultKeys.swift in Sources */ = {isa = PBXBuildFile; fileRef = EFED2C971E7F4A1800E02440 /* DefaultKeys.swift */; };
		EFED2CA21E7F4A1800E02440 /* MKKitExt.swift in Sources */ = {isa = PBXBuildFile; fileRef = EFED2C981E7F4A1800E02440 /* MKKitExt.swift */; };
		EFED2CA31E7F4A1800E02440 /* MKKitExt.swift in Sources */ = {isa = PBXBuildFile; fileRef = EFED2C981E7F4A1800E02440 /* MKKitExt.swift */; };
		EFED2CA41E7F4A1800E02440 /* NotificationKeys.swift in Sources */ = {isa = PBXBuildFile; fileRef = EFED2C991E7F4A1800E02440 /* NotificationKeys.swift */; };
		EFED2CA51E7F4A1800E02440 /* NotificationKeys.swift in Sources */ = {isa = PBXBuildFile; fileRef = EFED2C991E7F4A1800E02440 /* NotificationKeys.swift */; };
		EFED2CAB1E7F4DCF00E02440 /* CoreBluetooth.framework in Frameworks */ = {isa = PBXBuildFile; fileRef = EFED2CAA1E7F4DCF00E02440 /* CoreBluetooth.framework */; };
		EFED2CAE1E7F535500E02440 /* CloudKit.framework in Frameworks */ = {isa = PBXBuildFile; fileRef = EFED2CAD1E7F535500E02440 /* CloudKit.framework */; };
		EFED2CB11E7F5E4700E02440 /* TypeAlias.swift in Sources */ = {isa = PBXBuildFile; fileRef = EFED2CB01E7F5E4700E02440 /* TypeAlias.swift */; };
		EFED2CB21E7F5E4700E02440 /* TypeAlias.swift in Sources */ = {isa = PBXBuildFile; fileRef = EFED2CB01E7F5E4700E02440 /* TypeAlias.swift */; };
		EFED2CB41E7F5E8400E02440 /* LightSensorView.swift in Sources */ = {isa = PBXBuildFile; fileRef = EFED2CB31E7F5E8400E02440 /* LightSensorView.swift */; };
		EFED2CB51E7F5E8400E02440 /* LightSensorView.swift in Sources */ = {isa = PBXBuildFile; fileRef = EFED2CB31E7F5E8400E02440 /* LightSensorView.swift */; };
		EFED2CB71E7F601900E02440 /* TSOPRingView.swift in Sources */ = {isa = PBXBuildFile; fileRef = EFED2CB61E7F601900E02440 /* TSOPRingView.swift */; };
		EFED2CB81E7F601900E02440 /* TSOPRingView.swift in Sources */ = {isa = PBXBuildFile; fileRef = EFED2CB61E7F601900E02440 /* TSOPRingView.swift */; };
		EFED2CBA1E7F60C100E02440 /* CompassView.swift in Sources */ = {isa = PBXBuildFile; fileRef = EFED2CB91E7F60C100E02440 /* CompassView.swift */; };
		EFED2CBB1E7F60C100E02440 /* CompassView.swift in Sources */ = {isa = PBXBuildFile; fileRef = EFED2CB91E7F60C100E02440 /* CompassView.swift */; };
		EFED2CBE1E7F649700E02440 /* InitialViewController.swift in Sources */ = {isa = PBXBuildFile; fileRef = EFED2CBC1E7F649700E02440 /* InitialViewController.swift */; };
		EFED2CC01E7F657900E02440 /* LightSensorViewController.swift in Sources */ = {isa = PBXBuildFile; fileRef = EFED2CBF1E7F657900E02440 /* LightSensorViewController.swift */; };
		EFED2CC21E7F6C2200E02440 /* TSOPViewController.swift in Sources */ = {isa = PBXBuildFile; fileRef = EFED2CC11E7F6C2200E02440 /* TSOPViewController.swift */; };
		EFED2CC41E7F6D5900E02440 /* CompassViewController.swift in Sources */ = {isa = PBXBuildFile; fileRef = EFED2CC31E7F6D5900E02440 /* CompassViewController.swift */; };
		EFEDAA391E469A4E005BEE4E /* WMWindow.swift in Sources */ = {isa = PBXBuildFile; fileRef = EFEDAA381E469A4E005BEE4E /* WMWindow.swift */; };
		EFEDAA3B1E46A372005BEE4E /* UIDevice+Simulator.swift in Sources */ = {isa = PBXBuildFile; fileRef = EFEDAA3A1E46A372005BEE4E /* UIDevice+Simulator.swift */; };
		EFFB66031E96653C0001C4FA /* SettingsViewController.swift in Sources */ = {isa = PBXBuildFile; fileRef = EFFB66021E96653C0001C4FA /* SettingsViewController.swift */; };
		EFFC36511E68FF860088A998 /* UIInterfaceIdom.swift in Sources */ = {isa = PBXBuildFile; fileRef = EFFC36501E68FF860088A998 /* UIInterfaceIdom.swift */; };
/* End PBXBuildFile section */

/* Begin PBXCopyFilesBuildPhase section */
		EFED2C931E7F49A100E02440 /* Embed Frameworks */ = {
			isa = PBXCopyFilesBuildPhase;
			buildActionMask = 2147483647;
			dstPath = "";
			dstSubfolderSpec = 10;
			files = (
				EF8710C11E83DFF000753FDD /* MKUtilityKit.framework in Embed Frameworks */,
				EF8710BF1E83DFF000753FDD /* MKKit.framework in Embed Frameworks */,
				EF8710C31E83DFF000753FDD /* RESTKit.framework in Embed Frameworks */,
			);
			name = "Embed Frameworks";
			runOnlyForDeploymentPostprocessing = 0;
		};
/* End PBXCopyFilesBuildPhase section */

/* Begin PBXFileReference section */
		22525608FFE2DEB5D519B0F1 /* Info.plist */ = {isa = PBXFileReference; includeInIndex = 1; lastKnownFileType = text.plist.xml; path = Info.plist; sourceTree = "<group>"; };
		47FD0E6214F5E5923C5A5F04 /* AppDelegate.swift */ = {isa = PBXFileReference; includeInIndex = 1; lastKnownFileType = sourcecode.swift; path = AppDelegate.swift; sourceTree = "<group>"; };
		581C1A4891F43E30617A28DB /* LaunchScreen.xib */ = {isa = PBXFileReference; includeInIndex = 1; lastKnownFileType = file.xib; path = LaunchScreen.xib; sourceTree = "<group>"; };
		886869AA91C9C729AA88271F /* Main.storyboard */ = {isa = PBXFileReference; includeInIndex = 1; lastKnownFileType = file.storyboard; path = Main.storyboard; sourceTree = "<group>"; };
		AFE59898617C260F3B4780CF /* Images.xcassets */ = {isa = PBXFileReference; includeInIndex = 1; lastKnownFileType = folder.assetcatalog; path = Images.xcassets; sourceTree = "<group>"; };
		C8E706015D603F83004748A1 /* iOS.app */ = {isa = PBXFileReference; explicitFileType = wrapper.application; includeInIndex = 0; path = iOS.app; sourceTree = BUILT_PRODUCTS_DIR; };
		CD29B26D1E48076A00EEF6B7 /* BackgroundViewController.swift */ = {isa = PBXFileReference; fileEncoding = 4; lastKnownFileType = sourcecode.swift; name = BackgroundViewController.swift; path = LJSTAND/Views/BackgroundViewController.swift; sourceTree = SOURCE_ROOT; };
		CD2A02931E46EB080037C8E5 /* ResizableViewController.swift */ = {isa = PBXFileReference; fileEncoding = 4; lastKnownFileType = sourcecode.swift; path = ResizableViewController.swift; sourceTree = "<group>"; };
		CD2B605E1E98DDB800A6B1E1 /* Dosis-Light.ttf */ = {isa = PBXFileReference; lastKnownFileType = file; path = "Dosis-Light.ttf"; sourceTree = "<group>"; };
		CD2B60611E98F55D00A6B1E1 /* CenteredTextView.swift */ = {isa = PBXFileReference; fileEncoding = 4; lastKnownFileType = sourcecode.swift; path = CenteredTextView.swift; sourceTree = "<group>"; };
		CD2B60641E99015900A6B1E1 /* WindowView.swift */ = {isa = PBXFileReference; fileEncoding = 4; lastKnownFileType = sourcecode.swift; path = WindowView.swift; sourceTree = "<group>"; };
		CD7C1EBA1E4753DE006F8512 /* HexButton.swift */ = {isa = PBXFileReference; fileEncoding = 4; lastKnownFileType = sourcecode.swift; name = HexButton.swift; path = LJSTAND/Views/HexButton.swift; sourceTree = SOURCE_ROOT; };
		CDF09D731E3DBC0600D72CB8 /* UIBezierPath.swift */ = {isa = PBXFileReference; fileEncoding = 4; lastKnownFileType = sourcecode.swift; path = UIBezierPath.swift; sourceTree = "<group>"; };
		EF156E9E1E8390DD00D825F7 /* SerialViewController.swift */ = {isa = PBXFileReference; fileEncoding = 4; lastKnownFileType = sourcecode.swift; path = SerialViewController.swift; sourceTree = "<group>"; };
		EF1635D81DADC8CC00D71C66 /* TSOPViewController.swift */ = {isa = PBXFileReference; fileEncoding = 4; lastKnownFileType = sourcecode.swift; path = TSOPViewController.swift; sourceTree = "<group>"; };
		EF1705C81E682D910029DD0E /* Stickers.appex */ = {isa = PBXFileReference; explicitFileType = "wrapper.app-extension"; includeInIndex = 0; path = Stickers.appex; sourceTree = BUILT_PRODUCTS_DIR; };
		EF1705CA1E682D910029DD0E /* Stickers.xcassets */ = {isa = PBXFileReference; lastKnownFileType = folder.assetcatalog; path = Stickers.xcassets; sourceTree = "<group>"; };
		EF1705CC1E682D910029DD0E /* Info.plist */ = {isa = PBXFileReference; lastKnownFileType = text.plist.xml; path = Info.plist; sourceTree = "<group>"; };
		EF1E983F1E61019D00C70420 /* Dock.storyboard */ = {isa = PBXFileReference; fileEncoding = 4; lastKnownFileType = file.storyboard; path = Dock.storyboard; sourceTree = "<group>"; };
		EF3D33D61DB5F1210022275E /* UITextView.swift */ = {isa = PBXFileReference; fileEncoding = 4; lastKnownFileType = sourcecode.swift; path = UITextView.swift; sourceTree = "<group>"; };
		EF608FF81E63AD52005361F9 /* SettingsTableViewController.swift */ = {isa = PBXFileReference; fileEncoding = 4; lastKnownFileType = sourcecode.swift; path = SettingsTableViewController.swift; sourceTree = "<group>"; };
		EF734BAF1DAF5C53007D2ADA /* CompassViewController.swift */ = {isa = PBXFileReference; fileEncoding = 4; lastKnownFileType = sourcecode.swift; path = CompassViewController.swift; sourceTree = "<group>"; };
		EF8233DF1E89204C00423F03 /* CoreBluetooth.framework */ = {isa = PBXFileReference; lastKnownFileType = wrapper.framework; name = CoreBluetooth.framework; path = System/Library/Frameworks/CoreBluetooth.framework; sourceTree = SDKROOT; };
		EF8233E71E892A8E00423F03 /* CloudKit.framework */ = {isa = PBXFileReference; lastKnownFileType = wrapper.framework; name = CloudKit.framework; path = System/Library/Frameworks/CloudKit.framework; sourceTree = SDKROOT; };
		EF8710AB1E83DFDA00753FDD /* Chameleon.framework */ = {isa = PBXFileReference; lastKnownFileType = wrapper.framework; name = Chameleon.framework; path = Carthage/Build/iOS/Chameleon.framework; sourceTree = "<group>"; };
		EF8710AC1E83DFDA00753FDD /* MKKit.framework */ = {isa = PBXFileReference; lastKnownFileType = wrapper.framework; name = MKKit.framework; path = Carthage/Build/iOS/MKKit.framework; sourceTree = "<group>"; };
		EF8710AD1E83DFDA00753FDD /* MKUIKit.framework */ = {isa = PBXFileReference; lastKnownFileType = wrapper.framework; name = MKUIKit.framework; path = Carthage/Build/iOS/MKUIKit.framework; sourceTree = "<group>"; };
		EF8710AE1E83DFDA00753FDD /* MKUtilityKit.framework */ = {isa = PBXFileReference; lastKnownFileType = wrapper.framework; name = MKUtilityKit.framework; path = Carthage/Build/iOS/MKUtilityKit.framework; sourceTree = "<group>"; };
		EF8710AF1E83DFDA00753FDD /* RESTKit.framework */ = {isa = PBXFileReference; lastKnownFileType = wrapper.framework; name = RESTKit.framework; path = Carthage/Build/iOS/RESTKit.framework; sourceTree = "<group>"; };
		EF8710BB1E83DFF000753FDD /* MKKit.framework */ = {isa = PBXFileReference; lastKnownFileType = wrapper.framework; name = MKKit.framework; path = Carthage/Build/Mac/MKKit.framework; sourceTree = "<group>"; };
		EF8710BC1E83DFF000753FDD /* MKUtilityKit.framework */ = {isa = PBXFileReference; lastKnownFileType = wrapper.framework; name = MKUtilityKit.framework; path = Carthage/Build/Mac/MKUtilityKit.framework; sourceTree = "<group>"; };
		EF8710BD1E83DFF000753FDD /* RESTKit.framework */ = {isa = PBXFileReference; lastKnownFileType = wrapper.framework; name = RESTKit.framework; path = Carthage/Build/Mac/RESTKit.framework; sourceTree = "<group>"; };
		EF9518231DB08CB4009B1F6F /* UIView.swift */ = {isa = PBXFileReference; fileEncoding = 4; lastKnownFileType = sourcecode.swift; path = UIView.swift; sourceTree = "<group>"; };
		EF9518271DB100CD009B1F6F /* LightsensorViewController.swift */ = {isa = PBXFileReference; fileEncoding = 4; lastKnownFileType = sourcecode.swift; path = LightsensorViewController.swift; sourceTree = "<group>"; };
		EFA2DEE11E95DCA100A8FEC9 /* BluetoothDataType.swift */ = {isa = PBXFileReference; fileEncoding = 4; lastKnownFileType = sourcecode.swift; path = BluetoothDataType.swift; sourceTree = "<group>"; };
		EFA2DEE41E95DCB300A8FEC9 /* BluetoothProtocols.swift */ = {isa = PBXFileReference; fileEncoding = 4; lastKnownFileType = sourcecode.swift; path = BluetoothProtocols.swift; sourceTree = "<group>"; };
		EFA2DEE71E95DCCD00A8FEC9 /* BluetoothController+Serial.swift */ = {isa = PBXFileReference; fileEncoding = 4; lastKnownFileType = sourcecode.swift; path = "BluetoothController+Serial.swift"; sourceTree = "<group>"; };
		EFAFC6851E61068D00DB37E3 /* DockViewController.swift */ = {isa = PBXFileReference; fileEncoding = 4; lastKnownFileType = sourcecode.swift; path = DockViewController.swift; sourceTree = "<group>"; };
		EFB35C1C1DADCDB20087BBE4 /* SerialViewController.swift */ = {isa = PBXFileReference; fileEncoding = 4; lastKnownFileType = sourcecode.swift; path = SerialViewController.swift; sourceTree = "<group>"; };
		EFC213881E5A636000233E6E /* LJ STAND.entitlements */ = {isa = PBXFileReference; lastKnownFileType = text.plist.entitlements; name = "LJ STAND.entitlements"; path = "../LJ STAND.entitlements"; sourceTree = "<group>"; };
		EFC49C8C1E919F5400E0D483 /* AuthorizeBluetoothViewController.swift */ = {isa = PBXFileReference; fileEncoding = 4; lastKnownFileType = sourcecode.swift; path = AuthorizeBluetoothViewController.swift; sourceTree = "<group>"; };
		EFE1AF231DC1DCDD00054E4C /* UIViewController.swift */ = {isa = PBXFileReference; fileEncoding = 4; lastKnownFileType = sourcecode.swift; path = UIViewController.swift; sourceTree = "<group>"; };
		EFE7366A1E95EB3900C8AF16 /* BluetoothController+Sending.swift */ = {isa = PBXFileReference; fileEncoding = 4; lastKnownFileType = sourcecode.swift; path = "BluetoothController+Sending.swift"; sourceTree = "<group>"; };
		EFE7366D1E95EBFD00C8AF16 /* AppSettingsProtocol.swift */ = {isa = PBXFileReference; fileEncoding = 4; lastKnownFileType = sourcecode.swift; path = AppSettingsProtocol.swift; sourceTree = "<group>"; };
		EFED2C7E1E7F497300E02440 /* LJ STAND.app */ = {isa = PBXFileReference; explicitFileType = wrapper.application; includeInIndex = 0; path = "LJ STAND.app"; sourceTree = BUILT_PRODUCTS_DIR; };
		EFED2C801E7F497300E02440 /* AppDelegate.swift */ = {isa = PBXFileReference; lastKnownFileType = sourcecode.swift; path = AppDelegate.swift; sourceTree = "<group>"; };
		EFED2C841E7F497300E02440 /* Assets.xcassets */ = {isa = PBXFileReference; lastKnownFileType = folder.assetcatalog; path = Assets.xcassets; sourceTree = "<group>"; };
		EFED2C871E7F497300E02440 /* Base */ = {isa = PBXFileReference; lastKnownFileType = file.storyboard; name = Base; path = Base.lproj/Main.storyboard; sourceTree = "<group>"; };
		EFED2C891E7F497300E02440 /* Info.plist */ = {isa = PBXFileReference; lastKnownFileType = text.plist.xml; path = Info.plist; sourceTree = "<group>"; };
		EFED2C951E7F4A1800E02440 /* BluetoothController.swift */ = {isa = PBXFileReference; fileEncoding = 4; lastKnownFileType = sourcecode.swift; path = BluetoothController.swift; sourceTree = "<group>"; };
		EFED2C961E7F4A1800E02440 /* BluetoothSerial.swift */ = {isa = PBXFileReference; fileEncoding = 4; lastKnownFileType = sourcecode.swift; path = BluetoothSerial.swift; sourceTree = "<group>"; };
		EFED2C971E7F4A1800E02440 /* DefaultKeys.swift */ = {isa = PBXFileReference; fileEncoding = 4; lastKnownFileType = sourcecode.swift; path = DefaultKeys.swift; sourceTree = "<group>"; };
		EFED2C981E7F4A1800E02440 /* MKKitExt.swift */ = {isa = PBXFileReference; fileEncoding = 4; lastKnownFileType = sourcecode.swift; path = MKKitExt.swift; sourceTree = "<group>"; };
		EFED2C991E7F4A1800E02440 /* NotificationKeys.swift */ = {isa = PBXFileReference; fileEncoding = 4; lastKnownFileType = sourcecode.swift; path = NotificationKeys.swift; sourceTree = "<group>"; };
		EFED2CAA1E7F4DCF00E02440 /* CoreBluetooth.framework */ = {isa = PBXFileReference; lastKnownFileType = wrapper.framework; name = CoreBluetooth.framework; path = Platforms/MacOSX.platform/Developer/SDKs/MacOSX10.12.sdk/System/Library/Frameworks/CoreBluetooth.framework; sourceTree = DEVELOPER_DIR; };
		EFED2CAC1E7F532300E02440 /* LJ STAND macOS.entitlements */ = {isa = PBXFileReference; lastKnownFileType = text.plist.entitlements; path = "LJ STAND macOS.entitlements"; sourceTree = "<group>"; };
		EFED2CAD1E7F535500E02440 /* CloudKit.framework */ = {isa = PBXFileReference; lastKnownFileType = wrapper.framework; name = CloudKit.framework; path = Platforms/MacOSX.platform/Developer/SDKs/MacOSX10.12.sdk/System/Library/Frameworks/CloudKit.framework; sourceTree = DEVELOPER_DIR; };
		EFED2CB01E7F5E4700E02440 /* TypeAlias.swift */ = {isa = PBXFileReference; fileEncoding = 4; lastKnownFileType = sourcecode.swift; path = TypeAlias.swift; sourceTree = "<group>"; };
		EFED2CB31E7F5E8400E02440 /* LightSensorView.swift */ = {isa = PBXFileReference; fileEncoding = 4; lastKnownFileType = sourcecode.swift; path = LightSensorView.swift; sourceTree = "<group>"; };
		EFED2CB61E7F601900E02440 /* TSOPRingView.swift */ = {isa = PBXFileReference; fileEncoding = 4; lastKnownFileType = sourcecode.swift; path = TSOPRingView.swift; sourceTree = "<group>"; };
		EFED2CB91E7F60C100E02440 /* CompassView.swift */ = {isa = PBXFileReference; fileEncoding = 4; lastKnownFileType = sourcecode.swift; path = CompassView.swift; sourceTree = "<group>"; };
		EFED2CBC1E7F649700E02440 /* InitialViewController.swift */ = {isa = PBXFileReference; fileEncoding = 4; lastKnownFileType = sourcecode.swift; path = InitialViewController.swift; sourceTree = "<group>"; };
		EFED2CBF1E7F657900E02440 /* LightSensorViewController.swift */ = {isa = PBXFileReference; fileEncoding = 4; lastKnownFileType = sourcecode.swift; path = LightSensorViewController.swift; sourceTree = "<group>"; };
		EFED2CC11E7F6C2200E02440 /* TSOPViewController.swift */ = {isa = PBXFileReference; fileEncoding = 4; lastKnownFileType = sourcecode.swift; path = TSOPViewController.swift; sourceTree = "<group>"; };
		EFED2CC31E7F6D5900E02440 /* CompassViewController.swift */ = {isa = PBXFileReference; fileEncoding = 4; lastKnownFileType = sourcecode.swift; path = CompassViewController.swift; sourceTree = "<group>"; };
		EFEDAA381E469A4E005BEE4E /* WMWindow.swift */ = {isa = PBXFileReference; fileEncoding = 4; lastKnownFileType = sourcecode.swift; path = WMWindow.swift; sourceTree = "<group>"; };
		EFEDAA3A1E46A372005BEE4E /* UIDevice+Simulator.swift */ = {isa = PBXFileReference; fileEncoding = 4; lastKnownFileType = sourcecode.swift; path = "UIDevice+Simulator.swift"; sourceTree = "<group>"; };
		EFFB66021E96653C0001C4FA /* SettingsViewController.swift */ = {isa = PBXFileReference; fileEncoding = 4; lastKnownFileType = sourcecode.swift; path = SettingsViewController.swift; sourceTree = "<group>"; };
		EFFC36501E68FF860088A998 /* UIInterfaceIdom.swift */ = {isa = PBXFileReference; fileEncoding = 4; lastKnownFileType = sourcecode.swift; path = UIInterfaceIdom.swift; sourceTree = "<group>"; };
/* End PBXFileReference section */

/* Begin PBXFrameworksBuildPhase section */
		5848C3664EFEE9C0725AEAFA /* Frameworks */ = {
			isa = PBXFrameworksBuildPhase;
			buildActionMask = 2147483647;
			files = (
				EF8233E81E892A8E00423F03 /* CloudKit.framework in Frameworks */,
				EF8233E21E8925F800423F03 /* Chameleon.framework in Frameworks */,
				EF8233E31E8925F800423F03 /* MKKit.framework in Frameworks */,
				EF8233E41E8925F800423F03 /* MKUIKit.framework in Frameworks */,
				EF8233E51E8925F800423F03 /* MKUtilityKit.framework in Frameworks */,
				EF8233E61E8925F800423F03 /* RESTKit.framework in Frameworks */,
				EF8233E01E89204C00423F03 /* CoreBluetooth.framework in Frameworks */,
			);
			runOnlyForDeploymentPostprocessing = 0;
		};
		5C1074D185808D59AC345BC2 /* Frameworks */ = {
			isa = PBXFrameworksBuildPhase;
			buildActionMask = 2147483647;
			files = (
			);
			runOnlyForDeploymentPostprocessing = 0;
		};
		EFED2C7B1E7F497300E02440 /* Frameworks */ = {
			isa = PBXFrameworksBuildPhase;
			buildActionMask = 2147483647;
			files = (
				EFED2CAB1E7F4DCF00E02440 /* CoreBluetooth.framework in Frameworks */,
				EF8710C21E83DFF000753FDD /* RESTKit.framework in Frameworks */,
				EF8710BE1E83DFF000753FDD /* MKKit.framework in Frameworks */,
				EF8710C01E83DFF000753FDD /* MKUtilityKit.framework in Frameworks */,
				EFED2CAE1E7F535500E02440 /* CloudKit.framework in Frameworks */,
			);
			runOnlyForDeploymentPostprocessing = 0;
		};
/* End PBXFrameworksBuildPhase section */

/* Begin PBXGroup section */
		1071F4B8BC77949A586EFAB9 /* Resources */ = {
			isa = PBXGroup;
			children = (
				AFE59898617C260F3B4780CF /* Images.xcassets */,
				8A26421F0F283F89FE67E912 /* Storyboards */,
				46AA05DF757B75F62DB4D893 /* Nibs */,
				502C7F60ADB0031044FDB59F /* Other-Sources */,
			);
			path = Resources;
			sourceTree = "<group>";
		};
		46AA05DF757B75F62DB4D893 /* Nibs */ = {
			isa = PBXGroup;
			children = (
				581C1A4891F43E30617A28DB /* LaunchScreen.xib */,
			);
			path = Nibs;
			sourceTree = "<group>";
		};
		4A3FAAA8F24E251A68153041 = {
			isa = PBXGroup;
			children = (
				CD2B605E1E98DDB800A6B1E1 /* Dosis-Light.ttf */,
				EFED2C941E7F49CF00E02440 /* Common */,
				AB3793622466EE2A02CBADDD /* iOS */,
				EFED2C7F1E7F497300E02440 /* macOS */,
				EF1705C91E682D910029DD0E /* Stickers */,
				534AB7A34A3D72BAFA984F6B /* Frameworks */,
				AC5953FE6C17FE0FB64BBF47 /* Products */,
			);
			indentWidth = 4;
			sourceTree = "<group>";
			tabWidth = 4;
			usesTabs = 0;
		};
		502C7F60ADB0031044FDB59F /* Other-Sources */ = {
			isa = PBXGroup;
			children = (
				22525608FFE2DEB5D519B0F1 /* Info.plist */,
			);
			path = "Other-Sources";
			sourceTree = "<group>";
		};
		534AB7A34A3D72BAFA984F6B /* Frameworks */ = {
			isa = PBXGroup;
			children = (
				EF8233E71E892A8E00423F03 /* CloudKit.framework */,
				EF8233DF1E89204C00423F03 /* CoreBluetooth.framework */,
				EF8710C41E83DFF300753FDD /* macOS */,
				EF8710BA1E83DFDD00753FDD /* iOS */,
				EFED2CAD1E7F535500E02440 /* CloudKit.framework */,
				EFED2CAA1E7F4DCF00E02440 /* CoreBluetooth.framework */,
			);
			name = Frameworks;
			sourceTree = "<group>";
		};
		606A48101B60C80E93E24FB2 /* Controllers */ = {
			isa = PBXGroup;
			children = (
				47FD0E6214F5E5923C5A5F04 /* AppDelegate.swift */,
			);
			path = Controllers;
			sourceTree = "<group>";
		};
		75D7C917E0C54D37E9FEED01 /* Extensions */ = {
			isa = PBXGroup;
			children = (
				EF9518231DB08CB4009B1F6F /* UIView.swift */,
				EF3D33D61DB5F1210022275E /* UITextView.swift */,
				EFE1AF231DC1DCDD00054E4C /* UIViewController.swift */,
				CDF09D731E3DBC0600D72CB8 /* UIBezierPath.swift */,
				EFEDAA3A1E46A372005BEE4E /* UIDevice+Simulator.swift */,
				EFFC36501E68FF860088A998 /* UIInterfaceIdom.swift */,
			);
			path = Extensions;
			sourceTree = "<group>";
		};
		8A26421F0F283F89FE67E912 /* Storyboards */ = {
			isa = PBXGroup;
			children = (
				886869AA91C9C729AA88271F /* Main.storyboard */,
				EF1E983F1E61019D00C70420 /* Dock.storyboard */,
			);
			path = Storyboards;
			sourceTree = "<group>";
		};
		924BCA1E22B5177CDCE5286D /* Models */ = {
			isa = PBXGroup;
			children = (
			);
			path = Models;
			sourceTree = "<group>";
		};
		936507FA3BB785D3F5247E64 /* ViewModels */ = {
			isa = PBXGroup;
			children = (
				EFEDAA381E469A4E005BEE4E /* WMWindow.swift */,
			);
			path = ViewModels;
			sourceTree = "<group>";
		};
		977C38B4FBB19B1FBC4ACC8D /* Views */ = {
			isa = PBXGroup;
			children = (
				EFAFC6851E61068D00DB37E3 /* DockViewController.swift */,
				CD29B26D1E48076A00EEF6B7 /* BackgroundViewController.swift */,
				CD7C1EBA1E4753DE006F8512 /* HexButton.swift */,
				EFB35C1C1DADCDB20087BBE4 /* SerialViewController.swift */,
				EF1635D81DADC8CC00D71C66 /* TSOPViewController.swift */,
				EF734BAF1DAF5C53007D2ADA /* CompassViewController.swift */,
				EF9518271DB100CD009B1F6F /* LightsensorViewController.swift */,
				EF608FF81E63AD52005361F9 /* SettingsTableViewController.swift */,
				EFC49C8C1E919F5400E0D483 /* AuthorizeBluetoothViewController.swift */,
				CD2B60611E98F55D00A6B1E1 /* CenteredTextView.swift */,
				CD2B60641E99015900A6B1E1 /* WindowView.swift */,
			);
			path = Views;
			sourceTree = "<group>";
		};
		AB3793622466EE2A02CBADDD /* iOS */ = {
			isa = PBXGroup;
			children = (
				EFC213881E5A636000233E6E /* LJ STAND.entitlements */,
				75D7C917E0C54D37E9FEED01 /* Extensions */,
				C8BB61B6AAC040A7B0BF5B9C /* Protocols */,
				924BCA1E22B5177CDCE5286D /* Models */,
				936507FA3BB785D3F5247E64 /* ViewModels */,
				606A48101B60C80E93E24FB2 /* Controllers */,
				977C38B4FBB19B1FBC4ACC8D /* Views */,
				1071F4B8BC77949A586EFAB9 /* Resources */,
			);
			name = iOS;
			path = LJSTAND;
			sourceTree = "<group>";
		};
		AC5953FE6C17FE0FB64BBF47 /* Products */ = {
			isa = PBXGroup;
			children = (
				C8E706015D603F83004748A1 /* iOS.app */,
				EF1705C81E682D910029DD0E /* Stickers.appex */,
				EFED2C7E1E7F497300E02440 /* LJ STAND.app */,
			);
			name = Products;
			sourceTree = "<group>";
		};
		C8BB61B6AAC040A7B0BF5B9C /* Protocols */ = {
			isa = PBXGroup;
			children = (
				CD2A02931E46EB080037C8E5 /* ResizableViewController.swift */,
			);
			path = Protocols;
			sourceTree = "<group>";
		};
		EF1705C91E682D910029DD0E /* Stickers */ = {
			isa = PBXGroup;
			children = (
				EF1705CA1E682D910029DD0E /* Stickers.xcassets */,
				EF1705CC1E682D910029DD0E /* Info.plist */,
			);
			name = Stickers;
			path = "LJ STAND Stickers";
			sourceTree = "<group>";
		};
		EF8710BA1E83DFDD00753FDD /* iOS */ = {
			isa = PBXGroup;
			children = (
				EF8710AB1E83DFDA00753FDD /* Chameleon.framework */,
				EF8710AC1E83DFDA00753FDD /* MKKit.framework */,
				EF8710AD1E83DFDA00753FDD /* MKUIKit.framework */,
				EF8710AE1E83DFDA00753FDD /* MKUtilityKit.framework */,
				EF8710AF1E83DFDA00753FDD /* RESTKit.framework */,
			);
			name = iOS;
			sourceTree = "<group>";
		};
		EF8710C41E83DFF300753FDD /* macOS */ = {
			isa = PBXGroup;
			children = (
				EF8710BB1E83DFF000753FDD /* MKKit.framework */,
				EF8710BC1E83DFF000753FDD /* MKUtilityKit.framework */,
				EF8710BD1E83DFF000753FDD /* RESTKit.framework */,
			);
			name = macOS;
			sourceTree = "<group>";
		};
		EFED2C7F1E7F497300E02440 /* macOS */ = {
			isa = PBXGroup;
			children = (
				EFED2CAC1E7F532300E02440 /* LJ STAND macOS.entitlements */,
				EFED2C801E7F497300E02440 /* AppDelegate.swift */,
				EFED2CBC1E7F649700E02440 /* InitialViewController.swift */,
				EF156E9E1E8390DD00D825F7 /* SerialViewController.swift */,
				EFED2CBF1E7F657900E02440 /* LightSensorViewController.swift */,
				EFED2CC11E7F6C2200E02440 /* TSOPViewController.swift */,
				EFED2CC31E7F6D5900E02440 /* CompassViewController.swift */,
				EFFB66021E96653C0001C4FA /* SettingsViewController.swift */,
				EFED2C841E7F497300E02440 /* Assets.xcassets */,
				EFED2C861E7F497300E02440 /* Main.storyboard */,
				EFED2C891E7F497300E02440 /* Info.plist */,
			);
			name = macOS;
			path = "LJ STAND macOS";
			sourceTree = "<group>";
		};
		EFED2C941E7F49CF00E02440 /* Common */ = {
			isa = PBXGroup;
			children = (
				EFED2CB01E7F5E4700E02440 /* TypeAlias.swift */,
				EFED2C951E7F4A1800E02440 /* BluetoothController.swift */,
				EFA2DEE71E95DCCD00A8FEC9 /* BluetoothController+Serial.swift */,
				EFE7366A1E95EB3900C8AF16 /* BluetoothController+Sending.swift */,
				EFA2DEE41E95DCB300A8FEC9 /* BluetoothProtocols.swift */,
				EFA2DEE11E95DCA100A8FEC9 /* BluetoothDataType.swift */,
				EFED2C961E7F4A1800E02440 /* BluetoothSerial.swift */,
				EFE7366D1E95EBFD00C8AF16 /* AppSettingsProtocol.swift */,
				EFED2C971E7F4A1800E02440 /* DefaultKeys.swift */,
				EFED2C981E7F4A1800E02440 /* MKKitExt.swift */,
				EFED2C991E7F4A1800E02440 /* NotificationKeys.swift */,
				EFED2CB31E7F5E8400E02440 /* LightSensorView.swift */,
				EFED2CB61E7F601900E02440 /* TSOPRingView.swift */,
				EFED2CB91E7F60C100E02440 /* CompassView.swift */,
			);
			path = Common;
			sourceTree = "<group>";
		};
/* End PBXGroup section */

/* Begin PBXNativeTarget section */
		D020986916FA04E7BBD68098 /* iOS */ = {
			isa = PBXNativeTarget;
			buildConfigurationList = F88B4143B1ADB9B8237C6425 /* Build configuration list for PBXNativeTarget "iOS" */;
			buildPhases = (
				EF8710DF1E84662600753FDD /* Carthage Copy Framewokrs */,
				876DD3D9D9926CE2EBE64DDB /* Sources */,
				E103AE9143FC4D78FD557160 /* Resources */,
				35EDF3B6A1B1848E58424BF3 /* Warn for TODO and FIXME comments */,
				5848C3664EFEE9C0725AEAFA /* Frameworks */,
				9A0DC08F846703B65F22E608 /* Set version number */,
			);
			buildRules = (
			);
			dependencies = (
			);
			name = iOS;
			productName = Layers;
			productReference = C8E706015D603F83004748A1 /* iOS.app */;
			productType = "com.apple.product-type.application";
		};
		EF1705C71E682D910029DD0E /* Stickers */ = {
			isa = PBXNativeTarget;
			buildConfigurationList = EF1705D31E682D910029DD0E /* Build configuration list for PBXNativeTarget "Stickers" */;
			buildPhases = (
				EF1705C61E682D910029DD0E /* Resources */,
				5C1074D185808D59AC345BC2 /* Frameworks */,
			);
			buildRules = (
			);
			dependencies = (
			);
			name = Stickers;
			productName = "LJ STAND Stickers";
			productReference = EF1705C81E682D910029DD0E /* Stickers.appex */;
			productType = "com.apple.product-type.app-extension.messages-sticker-pack";
		};
		EFED2C7D1E7F497300E02440 /* macOS */ = {
			isa = PBXNativeTarget;
			buildConfigurationList = EFED2C8C1E7F497300E02440 /* Build configuration list for PBXNativeTarget "macOS" */;
			buildPhases = (
				EFED2C7A1E7F497300E02440 /* Sources */,
				EFED2C7B1E7F497300E02440 /* Frameworks */,
				EFED2C7C1E7F497300E02440 /* Resources */,
				EFED2CAF1E7F53B200E02440 /* Set Version Number */,
				EFED2C931E7F49A100E02440 /* Embed Frameworks */,
			);
			buildRules = (
			);
			dependencies = (
			);
			name = macOS;
			productName = "LJ STAND macOS";
			productReference = EFED2C7E1E7F497300E02440 /* LJ STAND.app */;
			productType = "com.apple.product-type.application";
		};
/* End PBXNativeTarget section */

/* Begin PBXProject section */
		9182D5ACF04E754040DED730 /* Project object */ = {
			isa = PBXProject;
			attributes = {
				CLASSPREFIX = "";
				LastSwiftUpdateCheck = 0830;
				LastUpgradeCheck = 0820;
				ORGANIZATIONNAME = "Lachlan Grant";
				TargetAttributes = {
					D020986916FA04E7BBD68098 = {
						LastSwiftMigration = 0830;
						ProvisioningStyle = Automatic;
						SystemCapabilities = {
							com.apple.ApplicationGroups.iOS = {
								enabled = 1;
							};
							com.apple.BackgroundModes = {
								enabled = 0;
							};
							com.apple.NetworkExtensions = {
								enabled = 0;
							};
							com.apple.Push = {
								enabled = 1;
							};
							com.apple.WAC = {
								enabled = 0;
							};
							com.apple.iCloud = {
								enabled = 1;
							};
						};
					};
					EF1705C71E682D910029DD0E = {
						CreatedOnToolsVersion = 8.3;
						ProvisioningStyle = Automatic;
					};
					EFED2C7D1E7F497300E02440 = {
						CreatedOnToolsVersion = 8.3;
						ProvisioningStyle = Automatic;
						SystemCapabilities = {
							com.apple.ApplicationGroups.Mac = {
								enabled = 1;
							};
							com.apple.Push = {
								enabled = 1;
							};
							com.apple.Sandbox = {
								enabled = 0;
							};
							com.apple.iCloud = {
								enabled = 1;
							};
						};
					};
				};
			};
			buildConfigurationList = 4B642AFBC9C0D7805E207890 /* Build configuration list for PBXProject "LJ STAND" */;
			compatibilityVersion = "Xcode 8.0";
			developmentRegion = English;
			hasScannedForEncodings = 0;
			knownRegions = (
				en,
				Base,
			);
			mainGroup = 4A3FAAA8F24E251A68153041;
			productRefGroup = AC5953FE6C17FE0FB64BBF47 /* Products */;
			projectDirPath = "";
			projectRoot = "";
			targets = (
				D020986916FA04E7BBD68098 /* iOS */,
				EF1705C71E682D910029DD0E /* Stickers */,
				EFED2C7D1E7F497300E02440 /* macOS */,
			);
		};
/* End PBXProject section */

/* Begin PBXResourcesBuildPhase section */
		E103AE9143FC4D78FD557160 /* Resources */ = {
			isa = PBXResourcesBuildPhase;
			buildActionMask = 2147483647;
			files = (
				D7BB019ABBBEDEB5B8D51401 /* Images.xcassets in Resources */,
				EF1E98401E61019D00C70420 /* Dock.storyboard in Resources */,
				0FE982DBB7126C7560A3FE1B /* Main.storyboard in Resources */,
				CD2B605F1E98DDB800A6B1E1 /* Dosis-Light.ttf in Resources */,
				4F178A71166E23F14DAD31C9 /* LaunchScreen.xib in Resources */,
			);
			runOnlyForDeploymentPostprocessing = 0;
		};
		EF1705C61E682D910029DD0E /* Resources */ = {
			isa = PBXResourcesBuildPhase;
			buildActionMask = 2147483647;
			files = (
				EF1705CB1E682D910029DD0E /* Stickers.xcassets in Resources */,
			);
			runOnlyForDeploymentPostprocessing = 0;
		};
		EFED2C7C1E7F497300E02440 /* Resources */ = {
			isa = PBXResourcesBuildPhase;
			buildActionMask = 2147483647;
			files = (
				EFED2C851E7F497300E02440 /* Assets.xcassets in Resources */,
				CD2B60601E98DDB800A6B1E1 /* Dosis-Light.ttf in Resources */,
				EFED2C881E7F497300E02440 /* Main.storyboard in Resources */,
			);
			runOnlyForDeploymentPostprocessing = 0;
		};
/* End PBXResourcesBuildPhase section */

/* Begin PBXShellScriptBuildPhase section */
		35EDF3B6A1B1848E58424BF3 /* Warn for TODO and FIXME comments */ = {
			isa = PBXShellScriptBuildPhase;
			buildActionMask = 2147483647;
			files = (
			);
			inputPaths = (
			);
			name = "Warn for TODO and FIXME comments";
			outputPaths = (
			);
			runOnlyForDeploymentPostprocessing = 0;
			shellPath = /bin/sh;
			shellScript = "KEYWORDS=\"TODO:|FIXME:|\\?\\?\\?:|\\!\\!\\!:\"\nFILE_EXTENSIONS=\"swift|h|m|mm|c|cpp\"\nfind -E \"${SRCROOT}\" -ipath \"${SRCROOT}/Carthage\" -prune -o -ipath \"${SRCROOT}/pods\" -prune -o \\( -regex \".*\\.($FILE_EXTENSIONS)$\" \\) -print0 | xargs -0 egrep --with-filename --line-number --only-matching \"($KEYWORDS).*\\$\" | perl -p -e \"s/($KEYWORDS)/ warning: \\$1/\"\n";
		};
		9A0DC08F846703B65F22E608 /* Set version number */ = {
			isa = PBXShellScriptBuildPhase;
			buildActionMask = 2147483647;
			files = (
			);
			inputPaths = (
			);
			name = "Set version number";
			outputPaths = (
			);
			runOnlyForDeploymentPostprocessing = 0;
			shellPath = /bin/sh;
			shellScript = "${SRCROOT}/bin/gitVersion";
		};
		EF8710DF1E84662600753FDD /* Carthage Copy Framewokrs */ = {
			isa = PBXShellScriptBuildPhase;
			buildActionMask = 2147483647;
			files = (
			);
			inputPaths = (
				"$(SRCROOT)/Carthage/Build/iOS/MKKit.framework",
				"$(SRCROOT)/Carthage/Build/iOS/Chameleon.framework",
				"$(SRCROOT)/Carthage/Build/iOS/MKUIKit.framework",
				"$(SRCROOT)/Carthage/Build/iOS/MKUtilityKit.framework",
				"$(SRCROOT)/Carthage/Build/iOS/RESTKit.framework",
			);
			name = "Carthage Copy Framewokrs";
			outputPaths = (
			);
			runOnlyForDeploymentPostprocessing = 0;
			shellPath = /bin/sh;
			shellScript = "/usr/local/bin/carthage copy-frameworks";
		};
		EFED2CAF1E7F53B200E02440 /* Set Version Number */ = {
			isa = PBXShellScriptBuildPhase;
			buildActionMask = 2147483647;
			files = (
			);
			inputPaths = (
			);
			name = "Set Version Number";
			outputPaths = (
			);
			runOnlyForDeploymentPostprocessing = 0;
			shellPath = /bin/sh;
			shellScript = "${SRCROOT}/bin/gitVersion";
		};
/* End PBXShellScriptBuildPhase section */

/* Begin PBXSourcesBuildPhase section */
		876DD3D9D9926CE2EBE64DDB /* Sources */ = {
			isa = PBXSourcesBuildPhase;
			buildActionMask = 2147483647;
			files = (
				D7EA33190E89039932E4C5F6 /* AppDelegate.swift in Sources */,
				EFE1AF241DC1DCDD00054E4C /* UIViewController.swift in Sources */,
				EFED2CB41E7F5E8400E02440 /* LightSensorView.swift in Sources */,
				EFED2C9C1E7F4A1800E02440 /* BluetoothController.swift in Sources */,
				CD2A02941E46EB080037C8E5 /* ResizableViewController.swift in Sources */,
				EF3D33D71DB5F1210022275E /* UITextView.swift in Sources */,
				EFEDAA391E469A4E005BEE4E /* WMWindow.swift in Sources */,
				EFB35C1D1DADCDB20087BBE4 /* SerialViewController.swift in Sources */,
				EFEDAA3B1E46A372005BEE4E /* UIDevice+Simulator.swift in Sources */,
				EF734BB01DAF5C53007D2ADA /* CompassViewController.swift in Sources */,
				EFED2C9E1E7F4A1800E02440 /* BluetoothSerial.swift in Sources */,
				CDF09D741E3DBC0600D72CB8 /* UIBezierPath.swift in Sources */,
				EF9518241DB08CB4009B1F6F /* UIView.swift in Sources */,
				EFED2CBA1E7F60C100E02440 /* CompassView.swift in Sources */,
				EFC49C8D1E919F5400E0D483 /* AuthorizeBluetoothViewController.swift in Sources */,
				EFE7366B1E95EB3900C8AF16 /* BluetoothController+Sending.swift in Sources */,
				EF608FF91E63AD52005361F9 /* SettingsTableViewController.swift in Sources */,
				EFE7366E1E95EBFD00C8AF16 /* AppSettingsProtocol.swift in Sources */,
				EFED2CA41E7F4A1800E02440 /* NotificationKeys.swift in Sources */,
				CD29B26E1E48076A00EEF6B7 /* BackgroundViewController.swift in Sources */,
				EFED2CA01E7F4A1800E02440 /* DefaultKeys.swift in Sources */,
				EF9518281DB100CD009B1F6F /* LightsensorViewController.swift in Sources */,
				EFFC36511E68FF860088A998 /* UIInterfaceIdom.swift in Sources */,
				EFAFC6861E61068D00DB37E3 /* DockViewController.swift in Sources */,
				EFED2CB11E7F5E4700E02440 /* TypeAlias.swift in Sources */,
				EFA2DEE21E95DCA100A8FEC9 /* BluetoothDataType.swift in Sources */,
				EFED2CA21E7F4A1800E02440 /* MKKitExt.swift in Sources */,
				EF1635D91DADC8CC00D71C66 /* TSOPViewController.swift in Sources */,
				EFED2CB71E7F601900E02440 /* TSOPRingView.swift in Sources */,
				CD2B60621E98F55D00A6B1E1 /* CenteredTextView.swift in Sources */,
				EFA2DEE51E95DCB300A8FEC9 /* BluetoothProtocols.swift in Sources */,
				CD7C1EBB1E4753DE006F8512 /* HexButton.swift in Sources */,
				CD2B60651E99015900A6B1E1 /* WindowView.swift in Sources */,
				EFA2DEE81E95DCCD00A8FEC9 /* BluetoothController+Serial.swift in Sources */,
			);
			runOnlyForDeploymentPostprocessing = 0;
		};
		EFED2C7A1E7F497300E02440 /* Sources */ = {
			isa = PBXSourcesBuildPhase;
			buildActionMask = 2147483647;
			files = (
				EFA2DEE91E95DCCD00A8FEC9 /* BluetoothController+Serial.swift in Sources */,
				EFED2CA51E7F4A1800E02440 /* NotificationKeys.swift in Sources */,
				EFFB66031E96653C0001C4FA /* SettingsViewController.swift in Sources */,
				EFED2CBE1E7F649700E02440 /* InitialViewController.swift in Sources */,
				EFA2DEE61E95DCB300A8FEC9 /* BluetoothProtocols.swift in Sources */,
				EFED2C9D1E7F4A1800E02440 /* BluetoothController.swift in Sources */,
				EFED2CA31E7F4A1800E02440 /* MKKitExt.swift in Sources */,
				EFED2CC21E7F6C2200E02440 /* TSOPViewController.swift in Sources */,
				EFED2CB51E7F5E8400E02440 /* LightSensorView.swift in Sources */,
				EFE7366F1E95EBFD00C8AF16 /* AppSettingsProtocol.swift in Sources */,
				EFED2CB21E7F5E4700E02440 /* TypeAlias.swift in Sources */,
				EFED2CA11E7F4A1800E02440 /* DefaultKeys.swift in Sources */,
				EFED2C9F1E7F4A1800E02440 /* BluetoothSerial.swift in Sources */,
				EFA2DEE31E95DCA100A8FEC9 /* BluetoothDataType.swift in Sources */,
				EFED2CC01E7F657900E02440 /* LightSensorViewController.swift in Sources */,
				EFED2CC41E7F6D5900E02440 /* CompassViewController.swift in Sources */,
				EFED2CBB1E7F60C100E02440 /* CompassView.swift in Sources */,
				EFED2C811E7F497300E02440 /* AppDelegate.swift in Sources */,
				EFED2CB81E7F601900E02440 /* TSOPRingView.swift in Sources */,
				EFE7366C1E95EB3C00C8AF16 /* BluetoothController+Sending.swift in Sources */,
				EF156E9F1E8390DD00D825F7 /* SerialViewController.swift in Sources */,
			);
			runOnlyForDeploymentPostprocessing = 0;
		};
/* End PBXSourcesBuildPhase section */

/* Begin PBXVariantGroup section */
		EFED2C861E7F497300E02440 /* Main.storyboard */ = {
			isa = PBXVariantGroup;
			children = (
				EFED2C871E7F497300E02440 /* Base */,
			);
			name = Main.storyboard;
			sourceTree = "<group>";
		};
/* End PBXVariantGroup section */

/* Begin XCBuildConfiguration section */
		1328577D1210908FA29C34EC /* Debug */ = {
			isa = XCBuildConfiguration;
			buildSettings = {
				ASSETCATALOG_COMPILER_APPICON_NAME = AppIcon;
				CLANG_ENABLE_MODULES = YES;
				CODE_SIGN_ENTITLEMENTS = "LJ STAND.entitlements";
				"CODE_SIGN_IDENTITY[sdk=iphoneos*]" = "iPhone Developer";
				DEBUG_INFORMATION_FORMAT = dwarf;
				DEVELOPMENT_TEAM = QSCWPBA77U;
				ENABLE_BITCODE = NO;
				ENABLE_STRICT_OBJC_MSGSEND = YES;
				FRAMEWORK_SEARCH_PATHS = (
					"$(inherited)",
					"$(PROJECT_DIR)/Carthage/Build/iOS",
					"$(PROJECT_DIR)/MKKit-Dist/iOS",
					"$(PROJECT_DIR)/MKKit-Dist",
					"$(PROJECT_DIR)/MKKit",
					"$(PROJECT_DIR)",
				);
				GCC_NO_COMMON_BLOCKS = YES;
				INFOPLIST_FILE = "$(SRCROOT)/LJSTAND/Resources/Other-Sources/Info.plist";
				IPHONEOS_DEPLOYMENT_TARGET = 10.0;
				LD_RUNPATH_SEARCH_PATHS = "$(inherited) @executable_path/Frameworks";
				MTL_ENABLE_DEBUG_INFO = YES;
				PRODUCT_BUNDLE_IDENTIFIER = com.lachlangrant.LJSTAND;
				PRODUCT_NAME = "$(TARGET_NAME)";
				PROVISIONING_PROFILE = "";
				PROVISIONING_PROFILE_SPECIFIER = "";
				SDKROOT = iphoneos;
				SWIFT_INSTALL_OBJC_HEADER = NO;
				SWIFT_OBJC_BRIDGING_HEADER = "";
				SWIFT_OPTIMIZATION_LEVEL = "-Onone";
				SWIFT_VERSION = 3.0;
				TARGETED_DEVICE_FAMILY = "1,2";
			};
			name = Debug;
		};
		50B81CF5791DF42581CEB360 /* Debug */ = {
			isa = XCBuildConfiguration;
			buildSettings = {
				ALWAYS_SEARCH_USER_PATHS = NO;
				ASSETCATALOG_COMPILER_APPICON_NAME = AppIcon;
				CLANG_ANALYZER_NONNULL = YES;
				CLANG_CXX_LANGUAGE_STANDARD = "gnu++0x";
				CLANG_CXX_LIBRARY = "libc++";
				CLANG_ENABLE_MODULES = YES;
				CLANG_ENABLE_OBJC_ARC = YES;
				CLANG_WARN_BOOL_CONVERSION = YES;
				CLANG_WARN_CONSTANT_CONVERSION = YES;
				CLANG_WARN_DEPRECATED_OBJC_IMPLEMENTATIONS = YES;
				CLANG_WARN_DIRECT_OBJC_ISA_USAGE = YES;
				CLANG_WARN_EMPTY_BODY = YES;
				CLANG_WARN_ENUM_CONVERSION = YES;
				CLANG_WARN_IMPLICIT_SIGN_CONVERSION = YES;
				CLANG_WARN_INFINITE_RECURSION = YES;
				CLANG_WARN_INT_CONVERSION = YES;
				CLANG_WARN_OBJC_IMPLICIT_RETAIN_SELF = YES;
				CLANG_WARN_OBJC_ROOT_CLASS = YES;
				CLANG_WARN_SUSPICIOUS_IMPLICIT_CONVERSION = YES;
				CLANG_WARN_SUSPICIOUS_MOVE = YES;
				CLANG_WARN_UNREACHABLE_CODE = YES;
				CLANG_WARN__DUPLICATE_METHOD_MATCH = YES;
				"CODE_SIGN_IDENTITY[sdk=iphoneos*]" = "iPhone Developer";
				COPY_PHASE_STRIP = NO;
				ENABLE_STRICT_OBJC_MSGSEND = YES;
				ENABLE_TESTABILITY = YES;
				GCC_C_LANGUAGE_STANDARD = gnu99;
				GCC_DYNAMIC_NO_PIC = NO;
				GCC_NO_COMMON_BLOCKS = YES;
				GCC_OPTIMIZATION_LEVEL = 0;
				GCC_PREPROCESSOR_DEFINITIONS = (
					"DEBUG=1",
					"$(inherited)",
				);
				GCC_SYMBOLS_PRIVATE_EXTERN = NO;
				GCC_WARN_64_TO_32_BIT_CONVERSION = YES;
				GCC_WARN_ABOUT_DEPRECATED_FUNCTIONS = YES;
				GCC_WARN_ABOUT_MISSING_FIELD_INITIALIZERS = YES;
				GCC_WARN_ABOUT_MISSING_NEWLINE = YES;
				GCC_WARN_ABOUT_RETURN_TYPE = YES;
				GCC_WARN_CHECK_SWITCH_STATEMENTS = YES;
				GCC_WARN_INITIALIZER_NOT_FULLY_BRACKETED = YES;
				GCC_WARN_MISSING_PARENTHESES = YES;
				GCC_WARN_SHADOW = YES;
				GCC_WARN_SIGN_COMPARE = YES;
				GCC_WARN_TYPECHECK_CALLS_TO_PRINTF = YES;
				GCC_WARN_UNDECLARED_SELECTOR = YES;
				GCC_WARN_UNINITIALIZED_AUTOS = YES;
				GCC_WARN_UNUSED_FUNCTION = YES;
				GCC_WARN_UNUSED_LABEL = YES;
				GCC_WARN_UNUSED_VALUE = YES;
				GCC_WARN_UNUSED_VARIABLE = YES;
				IPHONEOS_DEPLOYMENT_TARGET = 10.0;
				ONLY_ACTIVE_ARCH = YES;
				PRODUCT_VERSION = 2.0;
				RUN_CLANG_STATIC_ANALYZER = YES;
				SDKROOT = iphoneos;
			};
			name = Debug;
		};
		9522DDF33CAA674761CE192D /* Release */ = {
			isa = XCBuildConfiguration;
			buildSettings = {
				ALWAYS_SEARCH_USER_PATHS = NO;
				ASSETCATALOG_COMPILER_APPICON_NAME = AppIcon;
				CLANG_ANALYZER_NONNULL = YES;
				CLANG_CXX_LANGUAGE_STANDARD = "gnu++0x";
				CLANG_CXX_LIBRARY = "libc++";
				CLANG_ENABLE_MODULES = YES;
				CLANG_ENABLE_OBJC_ARC = YES;
				CLANG_WARN_BOOL_CONVERSION = YES;
				CLANG_WARN_CONSTANT_CONVERSION = YES;
				CLANG_WARN_DEPRECATED_OBJC_IMPLEMENTATIONS = YES;
				CLANG_WARN_DIRECT_OBJC_ISA_USAGE = YES;
				CLANG_WARN_EMPTY_BODY = YES;
				CLANG_WARN_ENUM_CONVERSION = YES;
				CLANG_WARN_IMPLICIT_SIGN_CONVERSION = YES;
				CLANG_WARN_INFINITE_RECURSION = YES;
				CLANG_WARN_INT_CONVERSION = YES;
				CLANG_WARN_OBJC_IMPLICIT_RETAIN_SELF = YES;
				CLANG_WARN_OBJC_ROOT_CLASS = YES;
				CLANG_WARN_SUSPICIOUS_IMPLICIT_CONVERSION = YES;
				CLANG_WARN_SUSPICIOUS_MOVE = YES;
				CLANG_WARN_UNREACHABLE_CODE = YES;
				CLANG_WARN__DUPLICATE_METHOD_MATCH = YES;
				"CODE_SIGN_IDENTITY[sdk=iphoneos*]" = "iPhone Developer";
				COPY_PHASE_STRIP = YES;
				ENABLE_NS_ASSERTIONS = NO;
				ENABLE_STRICT_OBJC_MSGSEND = YES;
				GCC_C_LANGUAGE_STANDARD = gnu99;
				GCC_NO_COMMON_BLOCKS = YES;
				GCC_WARN_64_TO_32_BIT_CONVERSION = YES;
				GCC_WARN_ABOUT_DEPRECATED_FUNCTIONS = YES;
				GCC_WARN_ABOUT_MISSING_FIELD_INITIALIZERS = YES;
				GCC_WARN_ABOUT_MISSING_NEWLINE = YES;
				GCC_WARN_ABOUT_RETURN_TYPE = YES;
				GCC_WARN_CHECK_SWITCH_STATEMENTS = YES;
				GCC_WARN_INITIALIZER_NOT_FULLY_BRACKETED = YES;
				GCC_WARN_MISSING_PARENTHESES = YES;
				GCC_WARN_SHADOW = YES;
				GCC_WARN_SIGN_COMPARE = YES;
				GCC_WARN_TYPECHECK_CALLS_TO_PRINTF = YES;
				GCC_WARN_UNDECLARED_SELECTOR = YES;
				GCC_WARN_UNINITIALIZED_AUTOS = YES;
				GCC_WARN_UNUSED_FUNCTION = YES;
				GCC_WARN_UNUSED_LABEL = YES;
				GCC_WARN_UNUSED_VALUE = YES;
				GCC_WARN_UNUSED_VARIABLE = YES;
				IPHONEOS_DEPLOYMENT_TARGET = 10.0;
				PRODUCT_VERSION = 2.0;
				RUN_CLANG_STATIC_ANALYZER = YES;
				SDKROOT = iphoneos;
				SWIFT_OPTIMIZATION_LEVEL = "-Owholemodule";
				VALIDATE_PRODUCT = YES;
			};
			name = Release;
		};
		9F703D29C38C3E92F300FDC2 /* Release */ = {
			isa = XCBuildConfiguration;
			buildSettings = {
				ASSETCATALOG_COMPILER_APPICON_NAME = AppIcon;
				CLANG_ENABLE_MODULES = YES;
				CODE_SIGN_ENTITLEMENTS = "LJ STAND.entitlements";
				"CODE_SIGN_IDENTITY[sdk=iphoneos*]" = "iPhone Developer";
				DEBUG_INFORMATION_FORMAT = "dwarf-with-dsym";
				DEVELOPMENT_TEAM = QSCWPBA77U;
				ENABLE_BITCODE = NO;
				ENABLE_STRICT_OBJC_MSGSEND = YES;
				FRAMEWORK_SEARCH_PATHS = (
					"$(inherited)",
					"$(PROJECT_DIR)/Carthage/Build/iOS",
					"$(PROJECT_DIR)/MKKit-Dist/iOS",
					"$(PROJECT_DIR)/MKKit-Dist",
					"$(PROJECT_DIR)/MKKit",
					"$(PROJECT_DIR)",
				);
				GCC_NO_COMMON_BLOCKS = YES;
				GCC_TREAT_WARNINGS_AS_ERRORS = YES;
				INFOPLIST_FILE = "$(SRCROOT)/LJSTAND/Resources/Other-Sources/Info.plist";
				IPHONEOS_DEPLOYMENT_TARGET = 10.0;
				LD_RUNPATH_SEARCH_PATHS = "$(inherited) @executable_path/Frameworks";
				MTL_ENABLE_DEBUG_INFO = NO;
				PRODUCT_BUNDLE_IDENTIFIER = com.lachlangrant.LJSTAND;
				PRODUCT_NAME = "$(TARGET_NAME)";
				PROVISIONING_PROFILE = "";
				PROVISIONING_PROFILE_SPECIFIER = "";
				SDKROOT = iphoneos;
				SWIFT_INSTALL_OBJC_HEADER = NO;
				SWIFT_OBJC_BRIDGING_HEADER = "";
				SWIFT_OPTIMIZATION_LEVEL = "-Owholemodule";
				SWIFT_VERSION = 3.0;
				TARGETED_DEVICE_FAMILY = "1,2";
			};
			name = Release;
		};
		EF1705D11E682D910029DD0E /* Debug */ = {
			isa = XCBuildConfiguration;
			buildSettings = {
				ASSETCATALOG_COMPILER_APPICON_NAME = "iMessage App Icon";
				CLANG_ANALYZER_NUMBER_OBJECT_CONVERSION = YES_AGGRESSIVE;
				CLANG_WARN_DIRECT_OBJC_ISA_USAGE = YES_ERROR;
				CLANG_WARN_DOCUMENTATION_COMMENTS = YES;
				CLANG_WARN_OBJC_ROOT_CLASS = YES_ERROR;
				DEBUG_INFORMATION_FORMAT = dwarf;
				DEVELOPMENT_TEAM = QSCWPBA77U;
				GCC_WARN_ABOUT_RETURN_TYPE = YES_ERROR;
				GCC_WARN_UNINITIALIZED_AUTOS = YES_AGGRESSIVE;
				INFOPLIST_FILE = "LJ STAND Stickers/Info.plist";
				IPHONEOS_DEPLOYMENT_TARGET = 10.0;
				MTL_ENABLE_DEBUG_INFO = YES;
				PRODUCT_BUNDLE_IDENTIFIER = "com.lachlangrant.LJSTAND.LJ-STAND-Stickers";
				PRODUCT_NAME = "$(TARGET_NAME)";
				SKIP_INSTALL = YES;
			};
			name = Debug;
		};
		EF1705D21E682D910029DD0E /* Release */ = {
			isa = XCBuildConfiguration;
			buildSettings = {
				ASSETCATALOG_COMPILER_APPICON_NAME = "iMessage App Icon";
				CLANG_ANALYZER_NUMBER_OBJECT_CONVERSION = YES_AGGRESSIVE;
				CLANG_WARN_DIRECT_OBJC_ISA_USAGE = YES_ERROR;
				CLANG_WARN_DOCUMENTATION_COMMENTS = YES;
				CLANG_WARN_OBJC_ROOT_CLASS = YES_ERROR;
				COPY_PHASE_STRIP = NO;
				DEBUG_INFORMATION_FORMAT = "dwarf-with-dsym";
				DEVELOPMENT_TEAM = QSCWPBA77U;
				GCC_WARN_ABOUT_RETURN_TYPE = YES_ERROR;
				GCC_WARN_UNINITIALIZED_AUTOS = YES_AGGRESSIVE;
				INFOPLIST_FILE = "LJ STAND Stickers/Info.plist";
				IPHONEOS_DEPLOYMENT_TARGET = 10.0;
				MTL_ENABLE_DEBUG_INFO = NO;
				PRODUCT_BUNDLE_IDENTIFIER = "com.lachlangrant.LJSTAND.LJ-STAND-Stickers";
				PRODUCT_NAME = "$(TARGET_NAME)";
				SKIP_INSTALL = YES;
			};
			name = Release;
		};
		EFED2C8A1E7F497300E02440 /* Debug */ = {
			isa = XCBuildConfiguration;
			buildSettings = {
				ASSETCATALOG_COMPILER_APPICON_NAME = MacIcon;
				CLANG_ANALYZER_NUMBER_OBJECT_CONVERSION = YES_AGGRESSIVE;
				CLANG_WARN_DIRECT_OBJC_ISA_USAGE = YES_ERROR;
				CLANG_WARN_DOCUMENTATION_COMMENTS = YES;
				CLANG_WARN_OBJC_ROOT_CLASS = YES_ERROR;
				CODE_SIGN_ENTITLEMENTS = "LJ STAND macOS/LJ STAND macOS.entitlements";
				CODE_SIGN_IDENTITY = "Mac Developer";
				COMBINE_HIDPI_IMAGES = YES;
				DEBUG_INFORMATION_FORMAT = dwarf;
				DEVELOPMENT_TEAM = QSCWPBA77U;
				FRAMEWORK_SEARCH_PATHS = (
					"$(inherited)",
					"$(PROJECT_DIR)/Carthage/Build/Mac",
				);
				GCC_WARN_ABOUT_RETURN_TYPE = YES_ERROR;
				GCC_WARN_UNINITIALIZED_AUTOS = YES_AGGRESSIVE;
				INFOPLIST_FILE = "LJ STAND macOS/Info.plist";
				LD_RUNPATH_SEARCH_PATHS = "$(inherited) @executable_path/../Frameworks";
				MACOSX_DEPLOYMENT_TARGET = 10.12;
				MTL_ENABLE_DEBUG_INFO = YES;
				PRODUCT_BUNDLE_IDENTIFIER = com.lachlangrant.LJSTAND.macOS;
				PRODUCT_NAME = "LJ STAND";
				PROVISIONING_PROFILE_SPECIFIER = "";
				SDKROOT = macosx;
				SWIFT_ACTIVE_COMPILATION_CONDITIONS = DEBUG;
				SWIFT_OPTIMIZATION_LEVEL = "-Onone";
				SWIFT_VERSION = 3.0;
			};
			name = Debug;
		};
		EFED2C8B1E7F497300E02440 /* Release */ = {
			isa = XCBuildConfiguration;
			buildSettings = {
				ASSETCATALOG_COMPILER_APPICON_NAME = MacIcon;
				CLANG_ANALYZER_NUMBER_OBJECT_CONVERSION = YES_AGGRESSIVE;
				CLANG_WARN_DIRECT_OBJC_ISA_USAGE = YES_ERROR;
				CLANG_WARN_DOCUMENTATION_COMMENTS = YES;
				CLANG_WARN_OBJC_ROOT_CLASS = YES_ERROR;
				CODE_SIGN_ENTITLEMENTS = "LJ STAND macOS/LJ STAND macOS.entitlements";
				CODE_SIGN_IDENTITY = "Mac Developer";
				COMBINE_HIDPI_IMAGES = YES;
				COPY_PHASE_STRIP = NO;
				DEBUG_INFORMATION_FORMAT = "dwarf-with-dsym";
				DEVELOPMENT_TEAM = QSCWPBA77U;
				FRAMEWORK_SEARCH_PATHS = (
					"$(inherited)",
					"$(PROJECT_DIR)/Carthage/Build/Mac",
				);
				GCC_WARN_ABOUT_RETURN_TYPE = YES_ERROR;
				GCC_WARN_UNINITIALIZED_AUTOS = YES_AGGRESSIVE;
				INFOPLIST_FILE = "LJ STAND macOS/Info.plist";
				LD_RUNPATH_SEARCH_PATHS = "$(inherited) @executable_path/../Frameworks";
				MACOSX_DEPLOYMENT_TARGET = 10.12;
				MTL_ENABLE_DEBUG_INFO = NO;
				PRODUCT_BUNDLE_IDENTIFIER = com.lachlangrant.LJSTAND.macOS;
				PRODUCT_NAME = "LJ STAND";
				PROVISIONING_PROFILE_SPECIFIER = "";
				SDKROOT = macosx;
				SWIFT_VERSION = 3.0;
			};
			name = Release;
		};
/* End XCBuildConfiguration section */

/* Begin XCConfigurationList section */
		4B642AFBC9C0D7805E207890 /* Build configuration list for PBXProject "LJ STAND" */ = {
			isa = XCConfigurationList;
			buildConfigurations = (
				50B81CF5791DF42581CEB360 /* Debug */,
				9522DDF33CAA674761CE192D /* Release */,
			);
			defaultConfigurationIsVisible = 0;
			defaultConfigurationName = Release;
		};
		EF1705D31E682D910029DD0E /* Build configuration list for PBXNativeTarget "Stickers" */ = {
			isa = XCConfigurationList;
			buildConfigurations = (
				EF1705D11E682D910029DD0E /* Debug */,
				EF1705D21E682D910029DD0E /* Release */,
			);
			defaultConfigurationIsVisible = 0;
			defaultConfigurationName = Release;
		};
		EFED2C8C1E7F497300E02440 /* Build configuration list for PBXNativeTarget "macOS" */ = {
			isa = XCConfigurationList;
			buildConfigurations = (
				EFED2C8A1E7F497300E02440 /* Debug */,
				EFED2C8B1E7F497300E02440 /* Release */,
			);
			defaultConfigurationIsVisible = 0;
			defaultConfigurationName = Release;
		};
		F88B4143B1ADB9B8237C6425 /* Build configuration list for PBXNativeTarget "iOS" */ = {
			isa = XCConfigurationList;
			buildConfigurations = (
				9F703D29C38C3E92F300FDC2 /* Release */,
				1328577D1210908FA29C34EC /* Debug */,
			);
			defaultConfigurationIsVisible = 0;
			defaultConfigurationName = Release;
		};
/* End XCConfigurationList section */
	};
	rootObject = 9182D5ACF04E754040DED730 /* Project object */;
}
